// !$*UTF8*$!
{
	archiveVersion = 1;
	classes = {
	};
	objectVersion = 55;
	objects = {

/* Begin PBXBuildFile section */
		EC1A50A128F78842002D408E /* ShowCardViewController.swift in Sources */ = {isa = PBXBuildFile; fileRef = EC1A50A028F78842002D408E /* ShowCardViewController.swift */; };
		EC1A50A228F78842002D408E /* ShowCardViewController.swift in Sources */ = {isa = PBXBuildFile; fileRef = EC1A50A028F78842002D408E /* ShowCardViewController.swift */; };
		EC1AF08028ECEAE400401D74 /* CardsDataModel.swift in Sources */ = {isa = PBXBuildFile; fileRef = EC1AF07F28ECEAE400401D74 /* CardsDataModel.swift */; };
		EC1AF08128ECEAE400401D74 /* CardsDataModel.swift in Sources */ = {isa = PBXBuildFile; fileRef = EC1AF07F28ECEAE400401D74 /* CardsDataModel.swift */; };
		EC1AF08528ECEB2C00401D74 /* CardModel.swift in Sources */ = {isa = PBXBuildFile; fileRef = EC1AF08428ECEB2C00401D74 /* CardModel.swift */; };
		EC1AF08628ECEB2C00401D74 /* CardModel.swift in Sources */ = {isa = PBXBuildFile; fileRef = EC1AF08428ECEB2C00401D74 /* CardModel.swift */; };
		EC1AF09C28EE197900401D74 /* CardGalleryViewModel.swift in Sources */ = {isa = PBXBuildFile; fileRef = EC1AF09B28EE197900401D74 /* CardGalleryViewModel.swift */; };
		EC1AF09F28EE19BB00401D74 /* CardViewGalleryProtocol.swift in Sources */ = {isa = PBXBuildFile; fileRef = EC1AF09E28EE19BB00401D74 /* CardViewGalleryProtocol.swift */; };
		EC1AF0A128EE1C7D00401D74 /* CardViewGalleryProtocol.swift in Sources */ = {isa = PBXBuildFile; fileRef = EC1AF09E28EE19BB00401D74 /* CardViewGalleryProtocol.swift */; };
		EC1AF0A228EE1C8200401D74 /* CardGalleryViewModel.swift in Sources */ = {isa = PBXBuildFile; fileRef = EC1AF09B28EE197900401D74 /* CardGalleryViewModel.swift */; };
		EC1AF0A528EE1D5100401D74 /* CardGalleryUseCase.swift in Sources */ = {isa = PBXBuildFile; fileRef = EC1AF0A428EE1D5100401D74 /* CardGalleryUseCase.swift */; };
		EC1AF0A628EE1D5100401D74 /* CardGalleryUseCase.swift in Sources */ = {isa = PBXBuildFile; fileRef = EC1AF0A428EE1D5100401D74 /* CardGalleryUseCase.swift */; };
		EC1AF0A828EF13EE00401D74 /* CardTableViewCell.swift in Sources */ = {isa = PBXBuildFile; fileRef = EC1AF0A728EF13EE00401D74 /* CardTableViewCell.swift */; };
		EC1AF0A928EF13EE00401D74 /* CardTableViewCell.swift in Sources */ = {isa = PBXBuildFile; fileRef = EC1AF0A728EF13EE00401D74 /* CardTableViewCell.swift */; };
		EC1AF0AC28EF17BF00401D74 /* .swiftlint.yml in Resources */ = {isa = PBXBuildFile; fileRef = EC1AF0AB28EF17BF00401D74 /* .swiftlint.yml */; };
		EC1AF0AD28EF17BF00401D74 /* .swiftlint.yml in Resources */ = {isa = PBXBuildFile; fileRef = EC1AF0AB28EF17BF00401D74 /* .swiftlint.yml */; };
		EC20BF1928C54CDC004079EF /* AppDelegate.swift in Sources */ = {isa = PBXBuildFile; fileRef = EC20BF1828C54CDC004079EF /* AppDelegate.swift */; };
		EC20BF1D28C54CDC004079EF /* SearchViewController.swift in Sources */ = {isa = PBXBuildFile; fileRef = EC20BF1C28C54CDC004079EF /* SearchViewController.swift */; };
		EC20BF2228C54CDE004079EF /* Assets.xcassets in Resources */ = {isa = PBXBuildFile; fileRef = EC20BF2128C54CDE004079EF /* Assets.xcassets */; };
		EC20BF2528C54CDE004079EF /* LaunchScreen.storyboard in Resources */ = {isa = PBXBuildFile; fileRef = EC20BF2328C54CDE004079EF /* LaunchScreen.storyboard */; };
		EC20BF3028C54CDE004079EF /* MGTTests.swift in Sources */ = {isa = PBXBuildFile; fileRef = EC20BF2F28C54CDE004079EF /* MGTTests.swift */; };
		EC20BF3A28C54CDF004079EF /* MGTUITests.swift in Sources */ = {isa = PBXBuildFile; fileRef = EC20BF3928C54CDF004079EF /* MGTUITests.swift */; };
		EC20BF3C28C54CDF004079EF /* MGTUITestsLaunchTests.swift in Sources */ = {isa = PBXBuildFile; fileRef = EC20BF3B28C54CDF004079EF /* MGTUITestsLaunchTests.swift */; };
		EC20BF4A28C78C4A004079EF /* Alamofire in Frameworks */ = {isa = PBXBuildFile; productRef = EC20BF4928C78C4A004079EF /* Alamofire */; };
		EC20BF4D28C79112004079EF /* CoordinatorProtocol.swift in Sources */ = {isa = PBXBuildFile; fileRef = EC20BF4C28C79112004079EF /* CoordinatorProtocol.swift */; };
		EC20BF5028C79215004079EF /* Coordinator.swift in Sources */ = {isa = PBXBuildFile; fileRef = EC20BF4F28C79215004079EF /* Coordinator.swift */; };
		EC484E8228F8F318000D7066 /* LegalitiesViewTableViewCell.swift in Sources */ = {isa = PBXBuildFile; fileRef = EC484E8128F8F318000D7066 /* LegalitiesViewTableViewCell.swift */; };
		EC484E8328F8F318000D7066 /* LegalitiesViewTableViewCell.swift in Sources */ = {isa = PBXBuildFile; fileRef = EC484E8128F8F318000D7066 /* LegalitiesViewTableViewCell.swift */; };
		EC484E8528FA04C8000D7066 /* UIImage+Extesion.swift in Sources */ = {isa = PBXBuildFile; fileRef = EC484E8428FA04C8000D7066 /* UIImage+Extesion.swift */; };
		EC484E8628FA04C8000D7066 /* UIImage+Extesion.swift in Sources */ = {isa = PBXBuildFile; fileRef = EC484E8428FA04C8000D7066 /* UIImage+Extesion.swift */; };
		EC484E8A28FB3965000D7066 /* HeaderProfileView.swift in Sources */ = {isa = PBXBuildFile; fileRef = EC484E8928FB3965000D7066 /* HeaderProfileView.swift */; };
		EC484E8B28FB3965000D7066 /* HeaderProfileView.swift in Sources */ = {isa = PBXBuildFile; fileRef = EC484E8928FB3965000D7066 /* HeaderProfileView.swift */; };
		EC484E8D28FB440C000D7066 /* LenguageCollectionViewCell.swift in Sources */ = {isa = PBXBuildFile; fileRef = EC484E8C28FB440C000D7066 /* LenguageCollectionViewCell.swift */; };
		EC484E8E28FB440C000D7066 /* LenguageCollectionViewCell.swift in Sources */ = {isa = PBXBuildFile; fileRef = EC484E8C28FB440C000D7066 /* LenguageCollectionViewCell.swift */; };
		EC61D8CA28EB832D00719351 /* CardGalleryViewController.swift in Sources */ = {isa = PBXBuildFile; fileRef = EC61D8C928EB832D00719351 /* CardGalleryViewController.swift */; };
		EC61D8CF28EB83BD00719351 /* CoordinatorProtocol.swift in Sources */ = {isa = PBXBuildFile; fileRef = EC20BF4C28C79112004079EF /* CoordinatorProtocol.swift */; };
		EC61D8D028EB83BD00719351 /* CardGalleryViewController.swift in Sources */ = {isa = PBXBuildFile; fileRef = EC61D8C928EB832D00719351 /* CardGalleryViewController.swift */; };
		EC61D8D128EB83BD00719351 /* Coordinator.swift in Sources */ = {isa = PBXBuildFile; fileRef = EC20BF4F28C79215004079EF /* Coordinator.swift */; };
		EC61D8D228EB83BD00719351 /* SearchViewController.swift in Sources */ = {isa = PBXBuildFile; fileRef = EC20BF1C28C54CDC004079EF /* SearchViewController.swift */; };
		EC61D8D328EB83BD00719351 /* UITextField+Extension.swift in Sources */ = {isa = PBXBuildFile; fileRef = EC89B75328CCB0AE002D6A6E /* UITextField+Extension.swift */; };
		EC61D8D428EB83BD00719351 /* UIViewController+Extension.swift in Sources */ = {isa = PBXBuildFile; fileRef = EC89B75128CC9763002D6A6E /* UIViewController+Extension.swift */; };
		EC61D8D528EB83BD00719351 /* AppDelegate.swift in Sources */ = {isa = PBXBuildFile; fileRef = EC20BF1828C54CDC004079EF /* AppDelegate.swift */; };
		EC61D8D728EB83BD00719351 /* Alamofire in Frameworks */ = {isa = PBXBuildFile; productRef = EC61D8CC28EB83BD00719351 /* Alamofire */; };
		EC61D8D928EB83BD00719351 /* LaunchScreen.storyboard in Resources */ = {isa = PBXBuildFile; fileRef = EC20BF2328C54CDE004079EF /* LaunchScreen.storyboard */; };
		EC61D8DA28EB83BD00719351 /* Assets.xcassets in Resources */ = {isa = PBXBuildFile; fileRef = EC20BF2128C54CDE004079EF /* Assets.xcassets */; };
		EC61D8E428EBB0DF00719351 /* CardGalleryCoordinator.swift in Sources */ = {isa = PBXBuildFile; fileRef = EC61D8E328EBB0DF00719351 /* CardGalleryCoordinator.swift */; };
		EC61D8E528EBB19700719351 /* CardGalleryCoordinator.swift in Sources */ = {isa = PBXBuildFile; fileRef = EC61D8E328EBB0DF00719351 /* CardGalleryCoordinator.swift */; };
		EC61D8E728EBB4B200719351 /* SearchViewModel.swift in Sources */ = {isa = PBXBuildFile; fileRef = EC61D8E628EBB4B200719351 /* SearchViewModel.swift */; };
		EC61D8E828EBB4B200719351 /* SearchViewModel.swift in Sources */ = {isa = PBXBuildFile; fileRef = EC61D8E628EBB4B200719351 /* SearchViewModel.swift */; };
		EC61D8F328ECDC6B00719351 /* TargetType.swift in Sources */ = {isa = PBXBuildFile; fileRef = EC61D8EE28ECDC6A00719351 /* TargetType.swift */; };
		EC61D8F428ECDC6B00719351 /* TargetType.swift in Sources */ = {isa = PBXBuildFile; fileRef = EC61D8EE28ECDC6A00719351 /* TargetType.swift */; };
		EC61D8F528ECDC6B00719351 /* BaseApi.swift in Sources */ = {isa = PBXBuildFile; fileRef = EC61D8EF28ECDC6A00719351 /* BaseApi.swift */; };
		EC61D8F628ECDC6B00719351 /* BaseApi.swift in Sources */ = {isa = PBXBuildFile; fileRef = EC61D8EF28ECDC6A00719351 /* BaseApi.swift */; };
		EC61D8F728ECDC6B00719351 /* RepositoryNetwork.swift in Sources */ = {isa = PBXBuildFile; fileRef = EC61D8F128ECDC6A00719351 /* RepositoryNetwork.swift */; };
		EC61D8F828ECDC6B00719351 /* RepositoryNetwork.swift in Sources */ = {isa = PBXBuildFile; fileRef = EC61D8F128ECDC6A00719351 /* RepositoryNetwork.swift */; };
		EC61D8F928ECDC6B00719351 /* RepositoryAPI.swift in Sources */ = {isa = PBXBuildFile; fileRef = EC61D8F228ECDC6A00719351 /* RepositoryAPI.swift */; };
		EC61D8FA28ECDC6B00719351 /* RepositoryAPI.swift in Sources */ = {isa = PBXBuildFile; fileRef = EC61D8F228ECDC6A00719351 /* RepositoryAPI.swift */; };
		EC89B75228CC9763002D6A6E /* UIViewController+Extension.swift in Sources */ = {isa = PBXBuildFile; fileRef = EC89B75128CC9763002D6A6E /* UIViewController+Extension.swift */; };
		EC89B75428CCB0AE002D6A6E /* UITextField+Extension.swift in Sources */ = {isa = PBXBuildFile; fileRef = EC89B75328CCB0AE002D6A6E /* UITextField+Extension.swift */; };
		EC9A769F2901E784009B8DB8 /* ShowCardViewModel.swift in Sources */ = {isa = PBXBuildFile; fileRef = EC9A769E2901E784009B8DB8 /* ShowCardViewModel.swift */; };
		EC9A76A02901E784009B8DB8 /* ShowCardViewModel.swift in Sources */ = {isa = PBXBuildFile; fileRef = EC9A769E2901E784009B8DB8 /* ShowCardViewModel.swift */; };
		EC9A76A22901E7AE009B8DB8 /* ShowCardUseCase.swift in Sources */ = {isa = PBXBuildFile; fileRef = EC9A76A12901E7AE009B8DB8 /* ShowCardUseCase.swift */; };
		EC9A76A32901E7AE009B8DB8 /* ShowCardUseCase.swift in Sources */ = {isa = PBXBuildFile; fileRef = EC9A76A12901E7AE009B8DB8 /* ShowCardUseCase.swift */; };
		EC9B10E028F076D6007C589E /* Lottie in Frameworks */ = {isa = PBXBuildFile; productRef = EC9B10DF28F076D6007C589E /* Lottie */; };
		EC9B10E228F076EA007C589E /* LoadingScreen.swift in Sources */ = {isa = PBXBuildFile; fileRef = EC9B10E128F076EA007C589E /* LoadingScreen.swift */; };
		EC9B10E328F076EA007C589E /* LoadingScreen.swift in Sources */ = {isa = PBXBuildFile; fileRef = EC9B10E128F076EA007C589E /* LoadingScreen.swift */; };
		EC9B10E628F07957007C589E /* mtg-loader.json in Resources */ = {isa = PBXBuildFile; fileRef = EC9B10E528F07956007C589E /* mtg-loader.json */; };
		EC9B10E728F07957007C589E /* mtg-loader.json in Resources */ = {isa = PBXBuildFile; fileRef = EC9B10E528F07956007C589E /* mtg-loader.json */; };
		EC9B10EA28F07FE8007C589E /* Lottie in Frameworks */ = {isa = PBXBuildFile; productRef = EC9B10E928F07FE8007C589E /* Lottie */; };
		EC9B10ED28F08052007C589E /* Lottie in Frameworks */ = {isa = PBXBuildFile; productRef = EC9B10EC28F08052007C589E /* Lottie */; };
		ECFE7BF028F8B888003EEBFA /* CardProfileUIView.swift in Sources */ = {isa = PBXBuildFile; fileRef = ECFE7BEF28F8B888003EEBFA /* CardProfileUIView.swift */; };
		ECFE7BF128F8B888003EEBFA /* CardProfileUIView.swift in Sources */ = {isa = PBXBuildFile; fileRef = ECFE7BEF28F8B888003EEBFA /* CardProfileUIView.swift */; };
/* End PBXBuildFile section */

/* Begin PBXContainerItemProxy section */
		EC20BF2C28C54CDE004079EF /* PBXContainerItemProxy */ = {
			isa = PBXContainerItemProxy;
			containerPortal = EC20BF0D28C54CDC004079EF /* Project object */;
			proxyType = 1;
			remoteGlobalIDString = EC20BF1428C54CDC004079EF;
			remoteInfo = MGT;
		};
		EC20BF3628C54CDF004079EF /* PBXContainerItemProxy */ = {
			isa = PBXContainerItemProxy;
			containerPortal = EC20BF0D28C54CDC004079EF /* Project object */;
			proxyType = 1;
			remoteGlobalIDString = EC20BF1428C54CDC004079EF;
			remoteInfo = MGT;
		};
/* End PBXContainerItemProxy section */

/* Begin PBXFileReference section */
		EC1A50A028F78842002D408E /* ShowCardViewController.swift */ = {isa = PBXFileReference; lastKnownFileType = sourcecode.swift; path = ShowCardViewController.swift; sourceTree = "<group>"; };
		EC1AF07F28ECEAE400401D74 /* CardsDataModel.swift */ = {isa = PBXFileReference; lastKnownFileType = sourcecode.swift; path = CardsDataModel.swift; sourceTree = "<group>"; };
		EC1AF08428ECEB2C00401D74 /* CardModel.swift */ = {isa = PBXFileReference; lastKnownFileType = sourcecode.swift; path = CardModel.swift; sourceTree = "<group>"; };
		EC1AF09B28EE197900401D74 /* CardGalleryViewModel.swift */ = {isa = PBXFileReference; lastKnownFileType = sourcecode.swift; path = CardGalleryViewModel.swift; sourceTree = "<group>"; };
		EC1AF09E28EE19BB00401D74 /* CardViewGalleryProtocol.swift */ = {isa = PBXFileReference; lastKnownFileType = sourcecode.swift; path = CardViewGalleryProtocol.swift; sourceTree = "<group>"; };
		EC1AF0A428EE1D5100401D74 /* CardGalleryUseCase.swift */ = {isa = PBXFileReference; lastKnownFileType = sourcecode.swift; path = CardGalleryUseCase.swift; sourceTree = "<group>"; };
		EC1AF0A728EF13EE00401D74 /* CardTableViewCell.swift */ = {isa = PBXFileReference; lastKnownFileType = sourcecode.swift; path = CardTableViewCell.swift; sourceTree = "<group>"; };
		EC1AF0AB28EF17BF00401D74 /* .swiftlint.yml */ = {isa = PBXFileReference; lastKnownFileType = text.yaml; path = .swiftlint.yml; sourceTree = "<group>"; };
		EC20BF1528C54CDC004079EF /* MTGApp.app */ = {isa = PBXFileReference; explicitFileType = wrapper.application; includeInIndex = 0; path = MTGApp.app; sourceTree = BUILT_PRODUCTS_DIR; };
		EC20BF1828C54CDC004079EF /* AppDelegate.swift */ = {isa = PBXFileReference; lastKnownFileType = sourcecode.swift; path = AppDelegate.swift; sourceTree = "<group>"; };
		EC20BF1C28C54CDC004079EF /* SearchViewController.swift */ = {isa = PBXFileReference; lastKnownFileType = sourcecode.swift; path = SearchViewController.swift; sourceTree = "<group>"; };
		EC20BF2128C54CDE004079EF /* Assets.xcassets */ = {isa = PBXFileReference; lastKnownFileType = folder.assetcatalog; path = Assets.xcassets; sourceTree = "<group>"; };
		EC20BF2428C54CDE004079EF /* Base */ = {isa = PBXFileReference; lastKnownFileType = file.storyboard; name = Base; path = Base.lproj/LaunchScreen.storyboard; sourceTree = "<group>"; };
		EC20BF2628C54CDE004079EF /* Info.plist */ = {isa = PBXFileReference; lastKnownFileType = text.plist.xml; path = Info.plist; sourceTree = "<group>"; };
		EC20BF2B28C54CDE004079EF /* MTGTests.xctest */ = {isa = PBXFileReference; explicitFileType = wrapper.cfbundle; includeInIndex = 0; path = MTGTests.xctest; sourceTree = BUILT_PRODUCTS_DIR; };
		EC20BF2F28C54CDE004079EF /* MGTTests.swift */ = {isa = PBXFileReference; lastKnownFileType = sourcecode.swift; path = MGTTests.swift; sourceTree = "<group>"; };
		EC20BF3528C54CDF004079EF /* MTGUITests.xctest */ = {isa = PBXFileReference; explicitFileType = wrapper.cfbundle; includeInIndex = 0; path = MTGUITests.xctest; sourceTree = BUILT_PRODUCTS_DIR; };
		EC20BF3928C54CDF004079EF /* MGTUITests.swift */ = {isa = PBXFileReference; lastKnownFileType = sourcecode.swift; path = MGTUITests.swift; sourceTree = "<group>"; };
		EC20BF3B28C54CDF004079EF /* MGTUITestsLaunchTests.swift */ = {isa = PBXFileReference; lastKnownFileType = sourcecode.swift; path = MGTUITestsLaunchTests.swift; sourceTree = "<group>"; };
		EC20BF4C28C79112004079EF /* CoordinatorProtocol.swift */ = {isa = PBXFileReference; lastKnownFileType = sourcecode.swift; path = CoordinatorProtocol.swift; sourceTree = "<group>"; };
		EC20BF4F28C79215004079EF /* Coordinator.swift */ = {isa = PBXFileReference; lastKnownFileType = sourcecode.swift; path = Coordinator.swift; sourceTree = "<group>"; };
		EC484E8128F8F318000D7066 /* LegalitiesViewTableViewCell.swift */ = {isa = PBXFileReference; lastKnownFileType = sourcecode.swift; path = LegalitiesViewTableViewCell.swift; sourceTree = "<group>"; };
		EC484E8428FA04C8000D7066 /* UIImage+Extesion.swift */ = {isa = PBXFileReference; lastKnownFileType = sourcecode.swift; path = "UIImage+Extesion.swift"; sourceTree = "<group>"; };
		EC484E8928FB3965000D7066 /* HeaderProfileView.swift */ = {isa = PBXFileReference; lastKnownFileType = sourcecode.swift; path = HeaderProfileView.swift; sourceTree = "<group>"; };
		EC484E8C28FB440C000D7066 /* LenguageCollectionViewCell.swift */ = {isa = PBXFileReference; lastKnownFileType = sourcecode.swift; path = LenguageCollectionViewCell.swift; sourceTree = "<group>"; };
		EC61D8C928EB832D00719351 /* CardGalleryViewController.swift */ = {isa = PBXFileReference; lastKnownFileType = sourcecode.swift; path = CardGalleryViewController.swift; sourceTree = "<group>"; };
		EC61D8DF28EB83BD00719351 /* MTGApp-dev.app */ = {isa = PBXFileReference; explicitFileType = wrapper.application; includeInIndex = 0; path = "MTGApp-dev.app"; sourceTree = BUILT_PRODUCTS_DIR; };
		EC61D8E028EB83BD00719351 /* MTGApp-Dev.plist */ = {isa = PBXFileReference; lastKnownFileType = text.plist.xml; path = "MTGApp-Dev.plist"; sourceTree = "<group>"; };
		EC61D8E328EBB0DF00719351 /* CardGalleryCoordinator.swift */ = {isa = PBXFileReference; lastKnownFileType = sourcecode.swift; path = CardGalleryCoordinator.swift; sourceTree = "<group>"; };
		EC61D8E628EBB4B200719351 /* SearchViewModel.swift */ = {isa = PBXFileReference; lastKnownFileType = sourcecode.swift; path = SearchViewModel.swift; sourceTree = "<group>"; };
		EC61D8EE28ECDC6A00719351 /* TargetType.swift */ = {isa = PBXFileReference; fileEncoding = 4; lastKnownFileType = sourcecode.swift; path = TargetType.swift; sourceTree = "<group>"; };
		EC61D8EF28ECDC6A00719351 /* BaseApi.swift */ = {isa = PBXFileReference; fileEncoding = 4; lastKnownFileType = sourcecode.swift; path = BaseApi.swift; sourceTree = "<group>"; };
		EC61D8F128ECDC6A00719351 /* RepositoryNetwork.swift */ = {isa = PBXFileReference; fileEncoding = 4; lastKnownFileType = sourcecode.swift; path = RepositoryNetwork.swift; sourceTree = "<group>"; };
		EC61D8F228ECDC6A00719351 /* RepositoryAPI.swift */ = {isa = PBXFileReference; fileEncoding = 4; lastKnownFileType = sourcecode.swift; path = RepositoryAPI.swift; sourceTree = "<group>"; };
		EC89B75128CC9763002D6A6E /* UIViewController+Extension.swift */ = {isa = PBXFileReference; lastKnownFileType = sourcecode.swift; path = "UIViewController+Extension.swift"; sourceTree = "<group>"; };
		EC89B75328CCB0AE002D6A6E /* UITextField+Extension.swift */ = {isa = PBXFileReference; lastKnownFileType = sourcecode.swift; path = "UITextField+Extension.swift"; sourceTree = "<group>"; };
		EC9A769E2901E784009B8DB8 /* ShowCardViewModel.swift */ = {isa = PBXFileReference; lastKnownFileType = sourcecode.swift; path = ShowCardViewModel.swift; sourceTree = "<group>"; };
		EC9A76A12901E7AE009B8DB8 /* ShowCardUseCase.swift */ = {isa = PBXFileReference; lastKnownFileType = sourcecode.swift; path = ShowCardUseCase.swift; sourceTree = "<group>"; };
		EC9B10E128F076EA007C589E /* LoadingScreen.swift */ = {isa = PBXFileReference; lastKnownFileType = sourcecode.swift; path = LoadingScreen.swift; sourceTree = "<group>"; };
		EC9B10E528F07956007C589E /* mtg-loader.json */ = {isa = PBXFileReference; fileEncoding = 4; lastKnownFileType = text.json; path = "mtg-loader.json"; sourceTree = "<group>"; };
		ECFE7BEF28F8B888003EEBFA /* CardProfileUIView.swift */ = {isa = PBXFileReference; lastKnownFileType = sourcecode.swift; path = CardProfileUIView.swift; sourceTree = "<group>"; };
/* End PBXFileReference section */

/* Begin PBXFrameworksBuildPhase section */
		EC20BF1228C54CDC004079EF /* Frameworks */ = {
			isa = PBXFrameworksBuildPhase;
			buildActionMask = 2147483647;
			files = (
				EC20BF4A28C78C4A004079EF /* Alamofire in Frameworks */,
				EC9B10E028F076D6007C589E /* Lottie in Frameworks */,
				EC9B10EA28F07FE8007C589E /* Lottie in Frameworks */,
			);
			runOnlyForDeploymentPostprocessing = 0;
		};
		EC20BF2828C54CDE004079EF /* Frameworks */ = {
			isa = PBXFrameworksBuildPhase;
			buildActionMask = 2147483647;
			files = (
			);
			runOnlyForDeploymentPostprocessing = 0;
		};
		EC20BF3228C54CDE004079EF /* Frameworks */ = {
			isa = PBXFrameworksBuildPhase;
			buildActionMask = 2147483647;
			files = (
			);
			runOnlyForDeploymentPostprocessing = 0;
		};
		EC61D8D628EB83BD00719351 /* Frameworks */ = {
			isa = PBXFrameworksBuildPhase;
			buildActionMask = 2147483647;
			files = (
				EC61D8D728EB83BD00719351 /* Alamofire in Frameworks */,
				EC9B10ED28F08052007C589E /* Lottie in Frameworks */,
			);
			runOnlyForDeploymentPostprocessing = 0;
		};
/* End PBXFrameworksBuildPhase section */

/* Begin PBXGroup section */
		EC1AF07E28ECEAC900401D74 /* Model */ = {
			isa = PBXGroup;
			children = (
				EC1AF07F28ECEAE400401D74 /* CardsDataModel.swift */,
			);
			path = Model;
			sourceTree = "<group>";
		};
		EC1AF08228ECEB1500401D74 /* ShowCard */ = {
			isa = PBXGroup;
			children = (
				EC9A769C2901E75B009B8DB8 /* UseCase */,
				EC9A769B2901E755009B8DB8 /* ViewModel */,
				EC9B10F328F1815D007C589E /* UI */,
				EC1AF08328ECEB1F00401D74 /* Model */,
			);
			path = ShowCard;
			sourceTree = "<group>";
		};
		EC1AF08328ECEB1F00401D74 /* Model */ = {
			isa = PBXGroup;
			children = (
				EC1AF08428ECEB2C00401D74 /* CardModel.swift */,
			);
			path = Model;
			sourceTree = "<group>";
		};
		EC1AF09A28EE195200401D74 /* ViewModel */ = {
			isa = PBXGroup;
			children = (
				EC1AF09B28EE197900401D74 /* CardGalleryViewModel.swift */,
			);
			path = ViewModel;
			sourceTree = "<group>";
		};
		EC1AF09D28EE19A500401D74 /* Protocol */ = {
			isa = PBXGroup;
			children = (
				EC1AF09E28EE19BB00401D74 /* CardViewGalleryProtocol.swift */,
			);
			path = Protocol;
			sourceTree = "<group>";
		};
		EC1AF0A028EE1AF400401D74 /* UseCase */ = {
			isa = PBXGroup;
			children = (
				EC1AF0A428EE1D5100401D74 /* CardGalleryUseCase.swift */,
			);
			path = UseCase;
			sourceTree = "<group>";
		};
		EC1AF0A328EE1D3200401D74 /* UI */ = {
			isa = PBXGroup;
			children = (
				EC61D8C928EB832D00719351 /* CardGalleryViewController.swift */,
				EC1AF0A728EF13EE00401D74 /* CardTableViewCell.swift */,
			);
			path = UI;
			sourceTree = "<group>";
		};
		EC20BF0C28C54CDC004079EF = {
			isa = PBXGroup;
			children = (
				EC20BF1728C54CDC004079EF /* MTG */,
				EC20BF2E28C54CDE004079EF /* MGTTests */,
				EC20BF3828C54CDF004079EF /* MGTUITests */,
				EC20BF1628C54CDC004079EF /* Products */,
				EC61D8E028EB83BD00719351 /* MTGApp-Dev.plist */,
				EC9B10EB28F08052007C589E /* Frameworks */,
			);
			sourceTree = "<group>";
		};
		EC20BF1628C54CDC004079EF /* Products */ = {
			isa = PBXGroup;
			children = (
				EC20BF1528C54CDC004079EF /* MTGApp.app */,
				EC20BF2B28C54CDE004079EF /* MTGTests.xctest */,
				EC20BF3528C54CDF004079EF /* MTGUITests.xctest */,
				EC61D8DF28EB83BD00719351 /* MTGApp-dev.app */,
			);
			name = Products;
			sourceTree = "<group>";
		};
		EC20BF1728C54CDC004079EF /* MTG */ = {
			isa = PBXGroup;
			children = (
				EC484E7C28F8D96E000D7066 /* Utils */,
				EC61D8EC28ECDA8800719351 /* Network */,
				EC20BF4E28C791FB004079EF /* Coordinators */,
				EC61D8E128EBAFF000719351 /* Modules */,
				EC20BF4B28C790F4004079EF /* Common */,
				EC20BF1828C54CDC004079EF /* AppDelegate.swift */,
				EC20BF2128C54CDE004079EF /* Assets.xcassets */,
				EC20BF2328C54CDE004079EF /* LaunchScreen.storyboard */,
				EC20BF2628C54CDE004079EF /* Info.plist */,
				EC1AF0AB28EF17BF00401D74 /* .swiftlint.yml */,
			);
			path = MTG;
			sourceTree = "<group>";
		};
		EC20BF2E28C54CDE004079EF /* MGTTests */ = {
			isa = PBXGroup;
			children = (
				EC20BF2F28C54CDE004079EF /* MGTTests.swift */,
			);
			path = MGTTests;
			sourceTree = "<group>";
		};
		EC20BF3828C54CDF004079EF /* MGTUITests */ = {
			isa = PBXGroup;
			children = (
				EC20BF3928C54CDF004079EF /* MGTUITests.swift */,
				EC20BF3B28C54CDF004079EF /* MGTUITestsLaunchTests.swift */,
			);
			path = MGTUITests;
			sourceTree = "<group>";
		};
		EC20BF4B28C790F4004079EF /* Common */ = {
			isa = PBXGroup;
			children = (
				EC9B10E428F0794B007C589E /* Lottie */,
				EC20BF4C28C79112004079EF /* CoordinatorProtocol.swift */,
				EC89B75128CC9763002D6A6E /* UIViewController+Extension.swift */,
				EC89B75328CCB0AE002D6A6E /* UITextField+Extension.swift */,
				EC9B10E128F076EA007C589E /* LoadingScreen.swift */,
			);
			path = Common;
			sourceTree = "<group>";
		};
		EC20BF4E28C791FB004079EF /* Coordinators */ = {
			isa = PBXGroup;
			children = (
				EC20BF4F28C79215004079EF /* Coordinator.swift */,
			);
			path = Coordinators;
			sourceTree = "<group>";
		};
		EC484E7C28F8D96E000D7066 /* Utils */ = {
			isa = PBXGroup;
			children = (
				EC484E8428FA04C8000D7066 /* UIImage+Extesion.swift */,
			);
			path = Utils;
			sourceTree = "<group>";
		};
		EC484E8728FB36E8000D7066 /* CardProfile */ = {
			isa = PBXGroup;
			children = (
				ECFE7BEF28F8B888003EEBFA /* CardProfileUIView.swift */,
				EC484E8128F8F318000D7066 /* LegalitiesViewTableViewCell.swift */,
			);
			path = CardProfile;
			sourceTree = "<group>";
		};
		EC484E8828FB394B000D7066 /* Header */ = {
			isa = PBXGroup;
			children = (
				EC484E8928FB3965000D7066 /* HeaderProfileView.swift */,
				EC484E8C28FB440C000D7066 /* LenguageCollectionViewCell.swift */,
			);
			path = Header;
			sourceTree = "<group>";
		};
		EC61D8C728EB82CC00719351 /* Home */ = {
			isa = PBXGroup;
			children = (
				EC20BF1C28C54CDC004079EF /* SearchViewController.swift */,
				EC61D8E628EBB4B200719351 /* SearchViewModel.swift */,
			);
			path = Home;
			sourceTree = "<group>";
		};
		EC61D8C828EB82F200719351 /* CardImageGallery */ = {
			isa = PBXGroup;
			children = (
				EC1AF0A328EE1D3200401D74 /* UI */,
				EC1AF0A028EE1AF400401D74 /* UseCase */,
				EC1AF09D28EE19A500401D74 /* Protocol */,
				EC1AF09A28EE195200401D74 /* ViewModel */,
				EC1AF07E28ECEAC900401D74 /* Model */,
				EC61D8E228EBB06800719351 /* Coordinator */,
			);
			path = CardImageGallery;
			sourceTree = "<group>";
		};
		EC61D8E128EBAFF000719351 /* Modules */ = {
			isa = PBXGroup;
			children = (
				EC1AF08228ECEB1500401D74 /* ShowCard */,
				EC61D8C728EB82CC00719351 /* Home */,
				EC61D8C828EB82F200719351 /* CardImageGallery */,
			);
			path = Modules;
			sourceTree = "<group>";
		};
		EC61D8E228EBB06800719351 /* Coordinator */ = {
			isa = PBXGroup;
			children = (
				EC61D8E328EBB0DF00719351 /* CardGalleryCoordinator.swift */,
			);
			path = Coordinator;
			sourceTree = "<group>";
		};
		EC61D8EC28ECDA8800719351 /* Network */ = {
			isa = PBXGroup;
			children = (
				EC61D8ED28ECDC6A00719351 /* Base Network */,
				EC61D8F028ECDC6A00719351 /* Repository */,
			);
			path = Network;
			sourceTree = "<group>";
		};
		EC61D8ED28ECDC6A00719351 /* Base Network */ = {
			isa = PBXGroup;
			children = (
				EC61D8EE28ECDC6A00719351 /* TargetType.swift */,
				EC61D8EF28ECDC6A00719351 /* BaseApi.swift */,
			);
			path = "Base Network";
			sourceTree = "<group>";
		};
		EC61D8F028ECDC6A00719351 /* Repository */ = {
			isa = PBXGroup;
			children = (
				EC61D8F128ECDC6A00719351 /* RepositoryNetwork.swift */,
				EC61D8F228ECDC6A00719351 /* RepositoryAPI.swift */,
			);
			path = Repository;
			sourceTree = "<group>";
		};
		EC9A769B2901E755009B8DB8 /* ViewModel */ = {
			isa = PBXGroup;
			children = (
				EC9A769E2901E784009B8DB8 /* ShowCardViewModel.swift */,
			);
			path = ViewModel;
			sourceTree = "<group>";
		};
		EC9A769C2901E75B009B8DB8 /* UseCase */ = {
			isa = PBXGroup;
			children = (
				EC9A76A12901E7AE009B8DB8 /* ShowCardUseCase.swift */,
			);
			path = UseCase;
			sourceTree = "<group>";
		};
		EC9B10E428F0794B007C589E /* Lottie */ = {
			isa = PBXGroup;
			children = (
				EC9B10E528F07956007C589E /* mtg-loader.json */,
			);
			path = Lottie;
			sourceTree = "<group>";
		};
		EC9B10EB28F08052007C589E /* Frameworks */ = {
			isa = PBXGroup;
			children = (
			);
			name = Frameworks;
			sourceTree = "<group>";
		};
		EC9B10F328F1815D007C589E /* UI */ = {
			isa = PBXGroup;
			children = (
				EC1A50A028F78842002D408E /* ShowCardViewController.swift */,
				EC484E8828FB394B000D7066 /* Header */,
				EC484E8728FB36E8000D7066 /* CardProfile */,
			);
			path = UI;
			sourceTree = "<group>";
		};
/* End PBXGroup section */

/* Begin PBXNativeTarget section */
		EC20BF1428C54CDC004079EF /* MTGApp */ = {
			isa = PBXNativeTarget;
			buildConfigurationList = EC20BF3F28C54CDF004079EF /* Build configuration list for PBXNativeTarget "MTGApp" */;
			buildPhases = (
				EC20BF1128C54CDC004079EF /* Sources */,
				EC20BF1228C54CDC004079EF /* Frameworks */,
				EC20BF1328C54CDC004079EF /* Resources */,
			);
			buildRules = (
			);
			dependencies = (
			);
			name = MTGApp;
			packageProductDependencies = (
				EC20BF4928C78C4A004079EF /* Alamofire */,
				EC9B10DF28F076D6007C589E /* Lottie */,
				EC9B10E928F07FE8007C589E /* Lottie */,
			);
			productName = MGT;
			productReference = EC20BF1528C54CDC004079EF /* MTGApp.app */;
			productType = "com.apple.product-type.application";
		};
		EC20BF2A28C54CDE004079EF /* MTGTests */ = {
			isa = PBXNativeTarget;
			buildConfigurationList = EC20BF4228C54CDF004079EF /* Build configuration list for PBXNativeTarget "MTGTests" */;
			buildPhases = (
				EC20BF2728C54CDE004079EF /* Sources */,
				EC20BF2828C54CDE004079EF /* Frameworks */,
				EC20BF2928C54CDE004079EF /* Resources */,
			);
			buildRules = (
			);
			dependencies = (
				EC20BF2D28C54CDE004079EF /* PBXTargetDependency */,
			);
			name = MTGTests;
			productName = MGTTests;
			productReference = EC20BF2B28C54CDE004079EF /* MTGTests.xctest */;
			productType = "com.apple.product-type.bundle.unit-test";
		};
		EC20BF3428C54CDE004079EF /* MTGUITests */ = {
			isa = PBXNativeTarget;
			buildConfigurationList = EC20BF4528C54CDF004079EF /* Build configuration list for PBXNativeTarget "MTGUITests" */;
			buildPhases = (
				EC20BF3128C54CDE004079EF /* Sources */,
				EC20BF3228C54CDE004079EF /* Frameworks */,
				EC20BF3328C54CDE004079EF /* Resources */,
			);
			buildRules = (
			);
			dependencies = (
				EC20BF3728C54CDF004079EF /* PBXTargetDependency */,
			);
			name = MTGUITests;
			productName = MGTUITests;
			productReference = EC20BF3528C54CDF004079EF /* MTGUITests.xctest */;
			productType = "com.apple.product-type.bundle.ui-testing";
		};
		EC61D8CB28EB83BD00719351 /* MTGApp-dev */ = {
			isa = PBXNativeTarget;
			buildConfigurationList = EC61D8DC28EB83BD00719351 /* Build configuration list for PBXNativeTarget "MTGApp-dev" */;
			buildPhases = (
				EC61D8CE28EB83BD00719351 /* Sources */,
				EC61D8D628EB83BD00719351 /* Frameworks */,
				EC61D8D828EB83BD00719351 /* Resources */,
				EC1AF0AA28EF15DA00401D74 /* ShellScript */,
			);
			buildRules = (
			);
			dependencies = (
			);
			name = "MTGApp-dev";
			packageProductDependencies = (
				EC61D8CC28EB83BD00719351 /* Alamofire */,
				EC9B10EC28F08052007C589E /* Lottie */,
			);
			productName = MGT;
			productReference = EC61D8DF28EB83BD00719351 /* MTGApp-dev.app */;
			productType = "com.apple.product-type.application";
		};
/* End PBXNativeTarget section */

/* Begin PBXProject section */
		EC20BF0D28C54CDC004079EF /* Project object */ = {
			isa = PBXProject;
			attributes = {
				BuildIndependentTargetsInParallel = 1;
				LastSwiftUpdateCheck = 1340;
				LastUpgradeCheck = 1340;
				TargetAttributes = {
					EC20BF1428C54CDC004079EF = {
						CreatedOnToolsVersion = 13.4.1;
					};
					EC20BF2A28C54CDE004079EF = {
						CreatedOnToolsVersion = 13.4.1;
						TestTargetID = EC20BF1428C54CDC004079EF;
					};
					EC20BF3428C54CDE004079EF = {
						CreatedOnToolsVersion = 13.4.1;
						TestTargetID = EC20BF1428C54CDC004079EF;
					};
				};
			};
			buildConfigurationList = EC20BF1028C54CDC004079EF /* Build configuration list for PBXProject "MTG" */;
			compatibilityVersion = "Xcode 13.0";
			developmentRegion = en;
			hasScannedForEncodings = 0;
			knownRegions = (
				en,
				Base,
			);
			mainGroup = EC20BF0C28C54CDC004079EF;
			packageReferences = (
				EC20BF4828C78C4A004079EF /* XCRemoteSwiftPackageReference "Alamofire" */,
				EC9B10DE28F076D6007C589E /* XCRemoteSwiftPackageReference "lottie-ios" */,
				EC9B10E828F07FE8007C589E /* XCRemoteSwiftPackageReference "lottie-ios" */,
			);
			productRefGroup = EC20BF1628C54CDC004079EF /* Products */;
			projectDirPath = "";
			projectRoot = "";
			targets = (
				EC20BF1428C54CDC004079EF /* MTGApp */,
				EC61D8CB28EB83BD00719351 /* MTGApp-dev */,
				EC20BF2A28C54CDE004079EF /* MTGTests */,
				EC20BF3428C54CDE004079EF /* MTGUITests */,
			);
		};
/* End PBXProject section */

/* Begin PBXResourcesBuildPhase section */
		EC20BF1328C54CDC004079EF /* Resources */ = {
			isa = PBXResourcesBuildPhase;
			buildActionMask = 2147483647;
			files = (
				EC1AF0AC28EF17BF00401D74 /* .swiftlint.yml in Resources */,
				EC9B10E628F07957007C589E /* mtg-loader.json in Resources */,
				EC20BF2528C54CDE004079EF /* LaunchScreen.storyboard in Resources */,
				EC20BF2228C54CDE004079EF /* Assets.xcassets in Resources */,
			);
			runOnlyForDeploymentPostprocessing = 0;
		};
		EC20BF2928C54CDE004079EF /* Resources */ = {
			isa = PBXResourcesBuildPhase;
			buildActionMask = 2147483647;
			files = (
			);
			runOnlyForDeploymentPostprocessing = 0;
		};
		EC20BF3328C54CDE004079EF /* Resources */ = {
			isa = PBXResourcesBuildPhase;
			buildActionMask = 2147483647;
			files = (
			);
			runOnlyForDeploymentPostprocessing = 0;
		};
		EC61D8D828EB83BD00719351 /* Resources */ = {
			isa = PBXResourcesBuildPhase;
			buildActionMask = 2147483647;
			files = (
				EC1AF0AD28EF17BF00401D74 /* .swiftlint.yml in Resources */,
				EC9B10E728F07957007C589E /* mtg-loader.json in Resources */,
				EC61D8D928EB83BD00719351 /* LaunchScreen.storyboard in Resources */,
				EC61D8DA28EB83BD00719351 /* Assets.xcassets in Resources */,
			);
			runOnlyForDeploymentPostprocessing = 0;
		};
/* End PBXResourcesBuildPhase section */

/* Begin PBXShellScriptBuildPhase section */
		EC1AF0AA28EF15DA00401D74 /* ShellScript */ = {
			isa = PBXShellScriptBuildPhase;
			buildActionMask = 2147483647;
			files = (
			);
			inputFileListPaths = (
			);
			inputPaths = (
			);
			outputFileListPaths = (
			);
			outputPaths = (
			);
			runOnlyForDeploymentPostprocessing = 0;
			shellPath = /bin/sh;
			shellScript = "if which swiftlint >/dev/null; then\n  swiftlint\nelse\n  echo \"warning: SwiftLint not installed, download from https://github.com/realm/SwiftLint\"\nfi\n";
		};
/* End PBXShellScriptBuildPhase section */

/* Begin PBXSourcesBuildPhase section */
		EC20BF1128C54CDC004079EF /* Sources */ = {
			isa = PBXSourcesBuildPhase;
			buildActionMask = 2147483647;
			files = (
				EC61D8F328ECDC6B00719351 /* TargetType.swift in Sources */,
				EC61D8E428EBB0DF00719351 /* CardGalleryCoordinator.swift in Sources */,
				EC9A769F2901E784009B8DB8 /* ShowCardViewModel.swift in Sources */,
				EC20BF4D28C79112004079EF /* CoordinatorProtocol.swift in Sources */,
				EC1AF08028ECEAE400401D74 /* CardsDataModel.swift in Sources */,
				EC61D8CA28EB832D00719351 /* CardGalleryViewController.swift in Sources */,
				EC1A50A128F78842002D408E /* ShowCardViewController.swift in Sources */,
				EC1AF0A828EF13EE00401D74 /* CardTableViewCell.swift in Sources */,
				EC61D8F728ECDC6B00719351 /* RepositoryNetwork.swift in Sources */,
				EC9B10E228F076EA007C589E /* LoadingScreen.swift in Sources */,
				EC1AF0A528EE1D5100401D74 /* CardGalleryUseCase.swift in Sources */,
				ECFE7BF028F8B888003EEBFA /* CardProfileUIView.swift in Sources */,
				EC484E8528FA04C8000D7066 /* UIImage+Extesion.swift in Sources */,
				EC20BF5028C79215004079EF /* Coordinator.swift in Sources */,
				EC484E8A28FB3965000D7066 /* HeaderProfileView.swift in Sources */,
				EC20BF1D28C54CDC004079EF /* SearchViewController.swift in Sources */,
				EC89B75428CCB0AE002D6A6E /* UITextField+Extension.swift in Sources */,
				EC89B75228CC9763002D6A6E /* UIViewController+Extension.swift in Sources */,
				EC61D8F528ECDC6B00719351 /* BaseApi.swift in Sources */,
				EC1AF09C28EE197900401D74 /* CardGalleryViewModel.swift in Sources */,
				EC20BF1928C54CDC004079EF /* AppDelegate.swift in Sources */,
				EC61D8F928ECDC6B00719351 /* RepositoryAPI.swift in Sources */,
				EC1AF09F28EE19BB00401D74 /* CardViewGalleryProtocol.swift in Sources */,
				EC484E8D28FB440C000D7066 /* LenguageCollectionViewCell.swift in Sources */,
				EC9A76A22901E7AE009B8DB8 /* ShowCardUseCase.swift in Sources */,
				EC61D8E728EBB4B200719351 /* SearchViewModel.swift in Sources */,
				EC1AF08528ECEB2C00401D74 /* CardModel.swift in Sources */,
				EC484E8228F8F318000D7066 /* LegalitiesViewTableViewCell.swift in Sources */,
			);
			runOnlyForDeploymentPostprocessing = 0;
		};
		EC20BF2728C54CDE004079EF /* Sources */ = {
			isa = PBXSourcesBuildPhase;
			buildActionMask = 2147483647;
			files = (
				EC20BF3028C54CDE004079EF /* MGTTests.swift in Sources */,
			);
			runOnlyForDeploymentPostprocessing = 0;
		};
		EC20BF3128C54CDE004079EF /* Sources */ = {
			isa = PBXSourcesBuildPhase;
			buildActionMask = 2147483647;
			files = (
				EC20BF3A28C54CDF004079EF /* MGTUITests.swift in Sources */,
				EC20BF3C28C54CDF004079EF /* MGTUITestsLaunchTests.swift in Sources */,
			);
			runOnlyForDeploymentPostprocessing = 0;
		};
		EC61D8CE28EB83BD00719351 /* Sources */ = {
			isa = PBXSourcesBuildPhase;
			buildActionMask = 2147483647;
			files = (
				EC61D8F428ECDC6B00719351 /* TargetType.swift in Sources */,
				EC61D8E528EBB19700719351 /* CardGalleryCoordinator.swift in Sources */,
				EC9A76A02901E784009B8DB8 /* ShowCardViewModel.swift in Sources */,
				EC61D8CF28EB83BD00719351 /* CoordinatorProtocol.swift in Sources */,
				EC1AF08128ECEAE400401D74 /* CardsDataModel.swift in Sources */,
				EC61D8D028EB83BD00719351 /* CardGalleryViewController.swift in Sources */,
				EC1A50A228F78842002D408E /* ShowCardViewController.swift in Sources */,
				EC1AF0A928EF13EE00401D74 /* CardTableViewCell.swift in Sources */,
				EC61D8F828ECDC6B00719351 /* RepositoryNetwork.swift in Sources */,
				EC9B10E328F076EA007C589E /* LoadingScreen.swift in Sources */,
				EC1AF0A628EE1D5100401D74 /* CardGalleryUseCase.swift in Sources */,
				ECFE7BF128F8B888003EEBFA /* CardProfileUIView.swift in Sources */,
				EC1AF0A228EE1C8200401D74 /* CardGalleryViewModel.swift in Sources */,
				EC61D8D128EB83BD00719351 /* Coordinator.swift in Sources */,
				EC484E8B28FB3965000D7066 /* HeaderProfileView.swift in Sources */,
				EC61D8D228EB83BD00719351 /* SearchViewController.swift in Sources */,
				EC61D8D328EB83BD00719351 /* UITextField+Extension.swift in Sources */,
				EC61D8D428EB83BD00719351 /* UIViewController+Extension.swift in Sources */,
				EC61D8F628ECDC6B00719351 /* BaseApi.swift in Sources */,
				EC61D8D528EB83BD00719351 /* AppDelegate.swift in Sources */,
				EC61D8FA28ECDC6B00719351 /* RepositoryAPI.swift in Sources */,
				EC484E8628FA04C8000D7066 /* UIImage+Extesion.swift in Sources */,
				EC61D8E828EBB4B200719351 /* SearchViewModel.swift in Sources */,
				EC484E8E28FB440C000D7066 /* LenguageCollectionViewCell.swift in Sources */,
				EC9A76A32901E7AE009B8DB8 /* ShowCardUseCase.swift in Sources */,
				EC484E8328F8F318000D7066 /* LegalitiesViewTableViewCell.swift in Sources */,
				EC1AF08628ECEB2C00401D74 /* CardModel.swift in Sources */,
				EC1AF0A128EE1C7D00401D74 /* CardViewGalleryProtocol.swift in Sources */,
			);
			runOnlyForDeploymentPostprocessing = 0;
		};
/* End PBXSourcesBuildPhase section */

/* Begin PBXTargetDependency section */
		EC20BF2D28C54CDE004079EF /* PBXTargetDependency */ = {
			isa = PBXTargetDependency;
			target = EC20BF1428C54CDC004079EF /* MTGApp */;
			targetProxy = EC20BF2C28C54CDE004079EF /* PBXContainerItemProxy */;
		};
		EC20BF3728C54CDF004079EF /* PBXTargetDependency */ = {
			isa = PBXTargetDependency;
			target = EC20BF1428C54CDC004079EF /* MTGApp */;
			targetProxy = EC20BF3628C54CDF004079EF /* PBXContainerItemProxy */;
		};
/* End PBXTargetDependency section */

/* Begin PBXVariantGroup section */
		EC20BF2328C54CDE004079EF /* LaunchScreen.storyboard */ = {
			isa = PBXVariantGroup;
			children = (
				EC20BF2428C54CDE004079EF /* Base */,
			);
			name = LaunchScreen.storyboard;
			sourceTree = "<group>";
		};
/* End PBXVariantGroup section */

/* Begin XCBuildConfiguration section */
		EC20BF3D28C54CDF004079EF /* Debug */ = {
			isa = XCBuildConfiguration;
			buildSettings = {
				ALWAYS_SEARCH_USER_PATHS = NO;
				CLANG_ANALYZER_NONNULL = YES;
				CLANG_ANALYZER_NUMBER_OBJECT_CONVERSION = YES_AGGRESSIVE;
				CLANG_CXX_LANGUAGE_STANDARD = "gnu++17";
				CLANG_ENABLE_MODULES = YES;
				CLANG_ENABLE_OBJC_ARC = YES;
				CLANG_ENABLE_OBJC_WEAK = YES;
				CLANG_WARN_BLOCK_CAPTURE_AUTORELEASING = YES;
				CLANG_WARN_BOOL_CONVERSION = YES;
				CLANG_WARN_COMMA = YES;
				CLANG_WARN_CONSTANT_CONVERSION = YES;
				CLANG_WARN_DEPRECATED_OBJC_IMPLEMENTATIONS = YES;
				CLANG_WARN_DIRECT_OBJC_ISA_USAGE = YES_ERROR;
				CLANG_WARN_DOCUMENTATION_COMMENTS = YES;
				CLANG_WARN_EMPTY_BODY = YES;
				CLANG_WARN_ENUM_CONVERSION = YES;
				CLANG_WARN_INFINITE_RECURSION = YES;
				CLANG_WARN_INT_CONVERSION = YES;
				CLANG_WARN_NON_LITERAL_NULL_CONVERSION = YES;
				CLANG_WARN_OBJC_IMPLICIT_RETAIN_SELF = YES;
				CLANG_WARN_OBJC_LITERAL_CONVERSION = YES;
				CLANG_WARN_OBJC_ROOT_CLASS = YES_ERROR;
				CLANG_WARN_QUOTED_INCLUDE_IN_FRAMEWORK_HEADER = YES;
				CLANG_WARN_RANGE_LOOP_ANALYSIS = YES;
				CLANG_WARN_STRICT_PROTOTYPES = YES;
				CLANG_WARN_SUSPICIOUS_MOVE = YES;
				CLANG_WARN_UNGUARDED_AVAILABILITY = YES_AGGRESSIVE;
				CLANG_WARN_UNREACHABLE_CODE = YES;
				CLANG_WARN__DUPLICATE_METHOD_MATCH = YES;
				COPY_PHASE_STRIP = NO;
				DEBUG_INFORMATION_FORMAT = dwarf;
				ENABLE_STRICT_OBJC_MSGSEND = YES;
				ENABLE_TESTABILITY = YES;
				GCC_C_LANGUAGE_STANDARD = gnu11;
				GCC_DYNAMIC_NO_PIC = NO;
				GCC_NO_COMMON_BLOCKS = YES;
				GCC_OPTIMIZATION_LEVEL = 0;
				GCC_PREPROCESSOR_DEFINITIONS = (
					"DEBUG=1",
					"$(inherited)",
				);
				GCC_WARN_64_TO_32_BIT_CONVERSION = YES;
				GCC_WARN_ABOUT_RETURN_TYPE = YES_ERROR;
				GCC_WARN_UNDECLARED_SELECTOR = YES;
				GCC_WARN_UNINITIALIZED_AUTOS = YES_AGGRESSIVE;
				GCC_WARN_UNUSED_FUNCTION = YES;
				GCC_WARN_UNUSED_VARIABLE = YES;
				IPHONEOS_DEPLOYMENT_TARGET = 13.2;
				MTL_ENABLE_DEBUG_INFO = INCLUDE_SOURCE;
				MTL_FAST_MATH = YES;
				ONLY_ACTIVE_ARCH = YES;
				SDKROOT = iphoneos;
				SWIFT_ACTIVE_COMPILATION_CONDITIONS = DEBUG;
				SWIFT_OPTIMIZATION_LEVEL = "-Onone";
			};
			name = Debug;
		};
		EC20BF3E28C54CDF004079EF /* Release */ = {
			isa = XCBuildConfiguration;
			buildSettings = {
				ALWAYS_SEARCH_USER_PATHS = NO;
				CLANG_ANALYZER_NONNULL = YES;
				CLANG_ANALYZER_NUMBER_OBJECT_CONVERSION = YES_AGGRESSIVE;
				CLANG_CXX_LANGUAGE_STANDARD = "gnu++17";
				CLANG_ENABLE_MODULES = YES;
				CLANG_ENABLE_OBJC_ARC = YES;
				CLANG_ENABLE_OBJC_WEAK = YES;
				CLANG_WARN_BLOCK_CAPTURE_AUTORELEASING = YES;
				CLANG_WARN_BOOL_CONVERSION = YES;
				CLANG_WARN_COMMA = YES;
				CLANG_WARN_CONSTANT_CONVERSION = YES;
				CLANG_WARN_DEPRECATED_OBJC_IMPLEMENTATIONS = YES;
				CLANG_WARN_DIRECT_OBJC_ISA_USAGE = YES_ERROR;
				CLANG_WARN_DOCUMENTATION_COMMENTS = YES;
				CLANG_WARN_EMPTY_BODY = YES;
				CLANG_WARN_ENUM_CONVERSION = YES;
				CLANG_WARN_INFINITE_RECURSION = YES;
				CLANG_WARN_INT_CONVERSION = YES;
				CLANG_WARN_NON_LITERAL_NULL_CONVERSION = YES;
				CLANG_WARN_OBJC_IMPLICIT_RETAIN_SELF = YES;
				CLANG_WARN_OBJC_LITERAL_CONVERSION = YES;
				CLANG_WARN_OBJC_ROOT_CLASS = YES_ERROR;
				CLANG_WARN_QUOTED_INCLUDE_IN_FRAMEWORK_HEADER = YES;
				CLANG_WARN_RANGE_LOOP_ANALYSIS = YES;
				CLANG_WARN_STRICT_PROTOTYPES = YES;
				CLANG_WARN_SUSPICIOUS_MOVE = YES;
				CLANG_WARN_UNGUARDED_AVAILABILITY = YES_AGGRESSIVE;
				CLANG_WARN_UNREACHABLE_CODE = YES;
				CLANG_WARN__DUPLICATE_METHOD_MATCH = YES;
				COPY_PHASE_STRIP = NO;
				DEBUG_INFORMATION_FORMAT = "dwarf-with-dsym";
				ENABLE_NS_ASSERTIONS = NO;
				ENABLE_STRICT_OBJC_MSGSEND = YES;
				GCC_C_LANGUAGE_STANDARD = gnu11;
				GCC_NO_COMMON_BLOCKS = YES;
				GCC_WARN_64_TO_32_BIT_CONVERSION = YES;
				GCC_WARN_ABOUT_RETURN_TYPE = YES_ERROR;
				GCC_WARN_UNDECLARED_SELECTOR = YES;
				GCC_WARN_UNINITIALIZED_AUTOS = YES_AGGRESSIVE;
				GCC_WARN_UNUSED_FUNCTION = YES;
				GCC_WARN_UNUSED_VARIABLE = YES;
				IPHONEOS_DEPLOYMENT_TARGET = 13.2;
				MTL_ENABLE_DEBUG_INFO = NO;
				MTL_FAST_MATH = YES;
				SDKROOT = iphoneos;
				SWIFT_COMPILATION_MODE = wholemodule;
				SWIFT_OPTIMIZATION_LEVEL = "-O";
				VALIDATE_PRODUCT = YES;
			};
			name = Release;
		};
		EC20BF4028C54CDF004079EF /* Debug */ = {
			isa = XCBuildConfiguration;
			buildSettings = {
				ASSETCATALOG_COMPILER_APPICON_NAME = AppIcon;
				ASSETCATALOG_COMPILER_GLOBAL_ACCENT_COLOR_NAME = AccentColor;
				ASSETCATALOG_COMPILER_INCLUDE_ALL_APPICON_ASSETS = YES;
				CODE_SIGN_IDENTITY = "iPhone Distribution";
				CODE_SIGN_STYLE = Manual;
				CURRENT_PROJECT_VERSION = 1;
				DEVELOPMENT_TEAM = 6PTSGN23VN;
				GENERATE_INFOPLIST_FILE = YES;
				INFOPLIST_FILE = MGT/Info.plist;
				INFOPLIST_KEY_UIApplicationSupportsIndirectInputEvents = YES;
				INFOPLIST_KEY_UILaunchStoryboardName = LaunchScreen;
				INFOPLIST_KEY_UISupportedInterfaceOrientations = UIInterfaceOrientationPortrait;
				INFOPLIST_KEY_UISupportedInterfaceOrientations_iPad = "UIInterfaceOrientationPortrait UIInterfaceOrientationPortraitUpsideDown UIInterfaceOrientationLandscapeLeft UIInterfaceOrientationLandscapeRight";
				INFOPLIST_KEY_UISupportedInterfaceOrientations_iPhone = "UIInterfaceOrientationPortrait UIInterfaceOrientationLandscapeLeft UIInterfaceOrientationLandscapeRight";
				LD_RUNPATH_SEARCH_PATHS = (
					"$(inherited)",
					"@executable_path/Frameworks",
				);
				MARKETING_VERSION = 1.0;
				PRODUCT_BUNDLE_IDENTIFIER = com.mgtApp;
				PRODUCT_NAME = "$(TARGET_NAME)";
				PROVISIONING_PROFILE_SPECIFIER = DistribucionMTG;
				SWIFT_EMIT_LOC_STRINGS = YES;
				SWIFT_VERSION = 5.0;
				TARGETED_DEVICE_FAMILY = "1,2";
			};
			name = Debug;
		};
		EC20BF4128C54CDF004079EF /* Release */ = {
			isa = XCBuildConfiguration;
			buildSettings = {
				ASSETCATALOG_COMPILER_APPICON_NAME = AppIcon;
				ASSETCATALOG_COMPILER_GLOBAL_ACCENT_COLOR_NAME = AccentColor;
				ASSETCATALOG_COMPILER_INCLUDE_ALL_APPICON_ASSETS = YES;
				CODE_SIGN_IDENTITY = "iPhone Distribution";
				CODE_SIGN_STYLE = Manual;
				CURRENT_PROJECT_VERSION = 1;
				DEVELOPMENT_TEAM = 6PTSGN23VN;
				GENERATE_INFOPLIST_FILE = YES;
				INFOPLIST_FILE = MGT/Info.plist;
				INFOPLIST_KEY_UIApplicationSupportsIndirectInputEvents = YES;
				INFOPLIST_KEY_UILaunchStoryboardName = LaunchScreen;
				INFOPLIST_KEY_UISupportedInterfaceOrientations = UIInterfaceOrientationPortrait;
				INFOPLIST_KEY_UISupportedInterfaceOrientations_iPad = "UIInterfaceOrientationPortrait UIInterfaceOrientationPortraitUpsideDown UIInterfaceOrientationLandscapeLeft UIInterfaceOrientationLandscapeRight";
				INFOPLIST_KEY_UISupportedInterfaceOrientations_iPhone = "UIInterfaceOrientationPortrait UIInterfaceOrientationLandscapeLeft UIInterfaceOrientationLandscapeRight";
				LD_RUNPATH_SEARCH_PATHS = (
					"$(inherited)",
					"@executable_path/Frameworks",
				);
				MARKETING_VERSION = 1.0;
				PRODUCT_BUNDLE_IDENTIFIER = com.mgtApp;
				PRODUCT_NAME = "$(TARGET_NAME)";
				PROVISIONING_PROFILE_SPECIFIER = DistribucionMTG;
				SWIFT_EMIT_LOC_STRINGS = YES;
				SWIFT_VERSION = 5.0;
				TARGETED_DEVICE_FAMILY = "1,2";
			};
			name = Release;
		};
		EC20BF4328C54CDF004079EF /* Debug */ = {
			isa = XCBuildConfiguration;
			buildSettings = {
				ALWAYS_EMBED_SWIFT_STANDARD_LIBRARIES = YES;
				BUNDLE_LOADER = "$(TEST_HOST)";
				CODE_SIGN_STYLE = Automatic;
				CURRENT_PROJECT_VERSION = 1;
				GENERATE_INFOPLIST_FILE = YES;
				IPHONEOS_DEPLOYMENT_TARGET = 15.5;
				MARKETING_VERSION = 1.0;
				PRODUCT_BUNDLE_IDENTIFIER = agustin.MGTTests;
				PRODUCT_NAME = "$(TARGET_NAME)";
				SWIFT_EMIT_LOC_STRINGS = NO;
				SWIFT_VERSION = 5.0;
				TARGETED_DEVICE_FAMILY = "1,2";
				TEST_HOST = "$(BUILT_PRODUCTS_DIR)/MTG.app/MTG";
			};
			name = Debug;
		};
		EC20BF4428C54CDF004079EF /* Release */ = {
			isa = XCBuildConfiguration;
			buildSettings = {
				ALWAYS_EMBED_SWIFT_STANDARD_LIBRARIES = YES;
				BUNDLE_LOADER = "$(TEST_HOST)";
				CODE_SIGN_STYLE = Automatic;
				CURRENT_PROJECT_VERSION = 1;
				GENERATE_INFOPLIST_FILE = YES;
				IPHONEOS_DEPLOYMENT_TARGET = 15.5;
				MARKETING_VERSION = 1.0;
				PRODUCT_BUNDLE_IDENTIFIER = agustin.MGTTests;
				PRODUCT_NAME = "$(TARGET_NAME)";
				SWIFT_EMIT_LOC_STRINGS = NO;
				SWIFT_VERSION = 5.0;
				TARGETED_DEVICE_FAMILY = "1,2";
				TEST_HOST = "$(BUILT_PRODUCTS_DIR)/MTG.app/MTG";
			};
			name = Release;
		};
		EC20BF4628C54CDF004079EF /* Debug */ = {
			isa = XCBuildConfiguration;
			buildSettings = {
				ALWAYS_EMBED_SWIFT_STANDARD_LIBRARIES = YES;
				CODE_SIGN_STYLE = Automatic;
				CURRENT_PROJECT_VERSION = 1;
				GENERATE_INFOPLIST_FILE = YES;
				MARKETING_VERSION = 1.0;
				PRODUCT_BUNDLE_IDENTIFIER = agustin.MGTUITests;
				PRODUCT_NAME = "$(TARGET_NAME)";
				SWIFT_EMIT_LOC_STRINGS = NO;
				SWIFT_VERSION = 5.0;
				TARGETED_DEVICE_FAMILY = "1,2";
				TEST_TARGET_NAME = MGT;
			};
			name = Debug;
		};
		EC20BF4728C54CDF004079EF /* Release */ = {
			isa = XCBuildConfiguration;
			buildSettings = {
				ALWAYS_EMBED_SWIFT_STANDARD_LIBRARIES = YES;
				CODE_SIGN_STYLE = Automatic;
				CURRENT_PROJECT_VERSION = 1;
				GENERATE_INFOPLIST_FILE = YES;
				MARKETING_VERSION = 1.0;
				PRODUCT_BUNDLE_IDENTIFIER = agustin.MGTUITests;
				PRODUCT_NAME = "$(TARGET_NAME)";
				SWIFT_EMIT_LOC_STRINGS = NO;
				SWIFT_VERSION = 5.0;
				TARGETED_DEVICE_FAMILY = "1,2";
				TEST_TARGET_NAME = MGT;
			};
			name = Release;
		};
		EC61D8DD28EB83BD00719351 /* Debug */ = {
			isa = XCBuildConfiguration;
			buildSettings = {
				ASSETCATALOG_COMPILER_APPICON_NAME = AppIcon;
				ASSETCATALOG_COMPILER_GLOBAL_ACCENT_COLOR_NAME = "";
				ASSETCATALOG_COMPILER_INCLUDE_ALL_APPICON_ASSETS = YES;
				CODE_SIGN_IDENTITY = "Apple Development";
				CODE_SIGN_STYLE = Automatic;
				CURRENT_PROJECT_VERSION = 1;
				DEVELOPMENT_TEAM = 6PTSGN23VN;
				GENERATE_INFOPLIST_FILE = YES;
				INFOPLIST_FILE = "MTGApp-Dev.plist";
				INFOPLIST_KEY_UIApplicationSupportsIndirectInputEvents = YES;
				INFOPLIST_KEY_UILaunchStoryboardName = LaunchScreen;
				INFOPLIST_KEY_UISupportedInterfaceOrientations = UIInterfaceOrientationPortrait;
				INFOPLIST_KEY_UISupportedInterfaceOrientations_iPad = "UIInterfaceOrientationPortrait UIInterfaceOrientationPortraitUpsideDown UIInterfaceOrientationLandscapeLeft UIInterfaceOrientationLandscapeRight";
				INFOPLIST_KEY_UISupportedInterfaceOrientations_iPhone = "UIInterfaceOrientationPortrait UIInterfaceOrientationLandscapeLeft UIInterfaceOrientationLandscapeRight";
				IPHONEOS_DEPLOYMENT_TARGET = 13.0;
				LD_RUNPATH_SEARCH_PATHS = (
					"$(inherited)",
					"@executable_path/Frameworks",
				);
				MARKETING_VERSION = 1.0;
				OTHER_SWIFT_FLAGS = "-DDEV";
				PRODUCT_BUNDLE_IDENTIFIER = com.mgtApp;
				PRODUCT_NAME = "$(TARGET_NAME)";
				PROVISIONING_PROFILE_SPECIFIER = "";
				SWIFT_EMIT_LOC_STRINGS = YES;
				SWIFT_VERSION = 5.0;
				TARGETED_DEVICE_FAMILY = "1,2";
			};
			name = Debug;
		};
		EC61D8DE28EB83BD00719351 /* Release */ = {
			isa = XCBuildConfiguration;
			buildSettings = {
				ASSETCATALOG_COMPILER_APPICON_NAME = AppIcon;
				ASSETCATALOG_COMPILER_GLOBAL_ACCENT_COLOR_NAME = "";
				ASSETCATALOG_COMPILER_INCLUDE_ALL_APPICON_ASSETS = YES;
				CODE_SIGN_IDENTITY = "iPhone Distribution";
				CODE_SIGN_STYLE = Manual;
				CURRENT_PROJECT_VERSION = 1;
				DEVELOPMENT_TEAM = 6PTSGN23VN;
				GENERATE_INFOPLIST_FILE = YES;
				INFOPLIST_FILE = "MTGApp-Dev.plist";
				INFOPLIST_KEY_UIApplicationSupportsIndirectInputEvents = YES;
				INFOPLIST_KEY_UILaunchStoryboardName = LaunchScreen;
				INFOPLIST_KEY_UISupportedInterfaceOrientations = UIInterfaceOrientationPortrait;
				INFOPLIST_KEY_UISupportedInterfaceOrientations_iPad = "UIInterfaceOrientationPortrait UIInterfaceOrientationPortraitUpsideDown UIInterfaceOrientationLandscapeLeft UIInterfaceOrientationLandscapeRight";
				INFOPLIST_KEY_UISupportedInterfaceOrientations_iPhone = "UIInterfaceOrientationPortrait UIInterfaceOrientationLandscapeLeft UIInterfaceOrientationLandscapeRight";
				IPHONEOS_DEPLOYMENT_TARGET = 13.0;
				LD_RUNPATH_SEARCH_PATHS = (
					"$(inherited)",
					"@executable_path/Frameworks",
				);
				MARKETING_VERSION = 1.0;
				OTHER_SWIFT_FLAGS = "-DDEV";
				PRODUCT_BUNDLE_IDENTIFIER = com.mgtApp;
				PRODUCT_NAME = "$(TARGET_NAME)";
				PROVISIONING_PROFILE_SPECIFIER = DistribucionMTG;
				SWIFT_EMIT_LOC_STRINGS = YES;
				SWIFT_VERSION = 5.0;
				TARGETED_DEVICE_FAMILY = "1,2";
			};
			name = Release;
		};
/* End XCBuildConfiguration section */

/* Begin XCConfigurationList section */
		EC20BF1028C54CDC004079EF /* Build configuration list for PBXProject "MTG" */ = {
			isa = XCConfigurationList;
			buildConfigurations = (
				EC20BF3D28C54CDF004079EF /* Debug */,
				EC20BF3E28C54CDF004079EF /* Release */,
			);
			defaultConfigurationIsVisible = 0;
			defaultConfigurationName = Release;
		};
		EC20BF3F28C54CDF004079EF /* Build configuration list for PBXNativeTarget "MTGApp" */ = {
			isa = XCConfigurationList;
			buildConfigurations = (
				EC20BF4028C54CDF004079EF /* Debug */,
				EC20BF4128C54CDF004079EF /* Release */,
			);
			defaultConfigurationIsVisible = 0;
			defaultConfigurationName = Release;
		};
		EC20BF4228C54CDF004079EF /* Build configuration list for PBXNativeTarget "MTGTests" */ = {
			isa = XCConfigurationList;
			buildConfigurations = (
				EC20BF4328C54CDF004079EF /* Debug */,
				EC20BF4428C54CDF004079EF /* Release */,
			);
			defaultConfigurationIsVisible = 0;
			defaultConfigurationName = Release;
		};
		EC20BF4528C54CDF004079EF /* Build configuration list for PBXNativeTarget "MTGUITests" */ = {
			isa = XCConfigurationList;
			buildConfigurations = (
				EC20BF4628C54CDF004079EF /* Debug */,
				EC20BF4728C54CDF004079EF /* Release */,
			);
			defaultConfigurationIsVisible = 0;
			defaultConfigurationName = Release;
		};
		EC61D8DC28EB83BD00719351 /* Build configuration list for PBXNativeTarget "MTGApp-dev" */ = {
			isa = XCConfigurationList;
			buildConfigurations = (
				EC61D8DD28EB83BD00719351 /* Debug */,
				EC61D8DE28EB83BD00719351 /* Release */,
			);
			defaultConfigurationIsVisible = 0;
			defaultConfigurationName = Release;
		};
/* End XCConfigurationList section */

/* Begin XCRemoteSwiftPackageReference section */
		EC20BF4828C78C4A004079EF /* XCRemoteSwiftPackageReference "Alamofire" */ = {
			isa = XCRemoteSwiftPackageReference;
			repositoryURL = "https://github.com/Alamofire/Alamofire";
			requirement = {
				kind = upToNextMajorVersion;
				minimumVersion = 5.0.0;
			};
		};
		EC61D8CD28EB83BD00719351 /* XCRemoteSwiftPackageReference "Alamofire" */ = {
			isa = XCRemoteSwiftPackageReference;
			repositoryURL = "https://github.com/Alamofire/Alamofire";
			requirement = {
				kind = upToNextMajorVersion;
				minimumVersion = 5.0.0;
			};
		};
		EC9B10DE28F076D6007C589E /* XCRemoteSwiftPackageReference "lottie-ios" */ = {
			isa = XCRemoteSwiftPackageReference;
			repositoryURL = "https://github.com/airbnb/lottie-ios/";
			requirement = {
				kind = upToNextMajorVersion;
				minimumVersion = 3.0.0;
			};
		};
		EC9B10E828F07FE8007C589E /* XCRemoteSwiftPackageReference "lottie-ios" */ = {
			isa = XCRemoteSwiftPackageReference;
			repositoryURL = "https://github.com/airbnb/lottie-ios/";
			requirement = {
				branch = master;
				kind = branch;
			};
		};
/* End XCRemoteSwiftPackageReference section */

/* Begin XCSwiftPackageProductDependency section */
		EC20BF4928C78C4A004079EF /* Alamofire */ = {
			isa = XCSwiftPackageProductDependency;
			package = EC20BF4828C78C4A004079EF /* XCRemoteSwiftPackageReference "Alamofire" */;
			productName = Alamofire;
		};
		EC61D8CC28EB83BD00719351 /* Alamofire */ = {
			isa = XCSwiftPackageProductDependency;
			package = EC61D8CD28EB83BD00719351 /* XCRemoteSwiftPackageReference "Alamofire" */;
			productName = Alamofire;
		};
		EC9B10DF28F076D6007C589E /* Lottie */ = {
			isa = XCSwiftPackageProductDependency;
			package = EC9B10DE28F076D6007C589E /* XCRemoteSwiftPackageReference "lottie-ios" */;
			productName = Lottie;
		};
		EC9B10E928F07FE8007C589E /* Lottie */ = {
			isa = XCSwiftPackageProductDependency;
			package = EC9B10E828F07FE8007C589E /* XCRemoteSwiftPackageReference "lottie-ios" */;
			productName = Lottie;
		};
		EC9B10EC28F08052007C589E /* Lottie */ = {
			isa = XCSwiftPackageProductDependency;
			package = EC9B10DE28F076D6007C589E /* XCRemoteSwiftPackageReference "lottie-ios" */;
			productName = Lottie;
		};
/* End XCSwiftPackageProductDependency section */
	};
	rootObject = EC20BF0D28C54CDC004079EF /* Project object */;
}
