// !$*UTF8*$!
{
	archiveVersion = 1;
	classes = {
	};
	objectVersion = 55;
	objects = {

/* Begin PBXBuildFile section */
		EC20BF1928C54CDC004079EF /* AppDelegate.swift in Sources */ = {isa = PBXBuildFile; fileRef = EC20BF1828C54CDC004079EF /* AppDelegate.swift */; };
		EC20BF1B28C54CDC004079EF /* SceneDelegate.swift in Sources */ = {isa = PBXBuildFile; fileRef = EC20BF1A28C54CDC004079EF /* SceneDelegate.swift */; };
		EC20BF1D28C54CDC004079EF /* ViewController.swift in Sources */ = {isa = PBXBuildFile; fileRef = EC20BF1C28C54CDC004079EF /* ViewController.swift */; };
		EC20BF2028C54CDC004079EF /* Main.storyboard in Resources */ = {isa = PBXBuildFile; fileRef = EC20BF1E28C54CDC004079EF /* Main.storyboard */; };
		EC20BF2228C54CDE004079EF /* Assets.xcassets in Resources */ = {isa = PBXBuildFile; fileRef = EC20BF2128C54CDE004079EF /* Assets.xcassets */; };
		EC20BF2528C54CDE004079EF /* LaunchScreen.storyboard in Resources */ = {isa = PBXBuildFile; fileRef = EC20BF2328C54CDE004079EF /* LaunchScreen.storyboard */; };
		EC20BF3028C54CDE004079EF /* MGTTests.swift in Sources */ = {isa = PBXBuildFile; fileRef = EC20BF2F28C54CDE004079EF /* MGTTests.swift */; };
		EC20BF3A28C54CDF004079EF /* MGTUITests.swift in Sources */ = {isa = PBXBuildFile; fileRef = EC20BF3928C54CDF004079EF /* MGTUITests.swift */; };
		EC20BF3C28C54CDF004079EF /* MGTUITestsLaunchTests.swift in Sources */ = {isa = PBXBuildFile; fileRef = EC20BF3B28C54CDF004079EF /* MGTUITestsLaunchTests.swift */; };
/* End PBXBuildFile section */

/* Begin PBXContainerItemProxy section */
		EC20BF2C28C54CDE004079EF /* PBXContainerItemProxy */ = {
			isa = PBXContainerItemProxy;
			containerPortal = EC20BF0D28C54CDC004079EF /* Project object */;
			proxyType = 1;
			remoteGlobalIDString = EC20BF1428C54CDC004079EF;
			remoteInfo = MGT;
		};
		EC20BF3628C54CDF004079EF /* PBXContainerItemProxy */ = {
			isa = PBXContainerItemProxy;
			containerPortal = EC20BF0D28C54CDC004079EF /* Project object */;
			proxyType = 1;
			remoteGlobalIDString = EC20BF1428C54CDC004079EF;
			remoteInfo = MGT;
		};
/* End PBXContainerItemProxy section */

/* Begin PBXFileReference section */
		EC20BF1528C54CDC004079EF /* MGT.app */ = {isa = PBXFileReference; explicitFileType = wrapper.application; includeInIndex = 0; path = MGT.app; sourceTree = BUILT_PRODUCTS_DIR; };
		EC20BF1828C54CDC004079EF /* AppDelegate.swift */ = {isa = PBXFileReference; lastKnownFileType = sourcecode.swift; path = AppDelegate.swift; sourceTree = "<group>"; };
		EC20BF1A28C54CDC004079EF /* SceneDelegate.swift */ = {isa = PBXFileReference; lastKnownFileType = sourcecode.swift; path = SceneDelegate.swift; sourceTree = "<group>"; };
		EC20BF1C28C54CDC004079EF /* ViewController.swift */ = {isa = PBXFileReference; lastKnownFileType = sourcecode.swift; path = ViewController.swift; sourceTree = "<group>"; };
		EC20BF1F28C54CDC004079EF /* Base */ = {isa = PBXFileReference; lastKnownFileType = file.storyboard; name = Base; path = Base.lproj/Main.storyboard; sourceTree = "<group>"; };
		EC20BF2128C54CDE004079EF /* Assets.xcassets */ = {isa = PBXFileReference; lastKnownFileType = folder.assetcatalog; path = Assets.xcassets; sourceTree = "<group>"; };
		EC20BF2428C54CDE004079EF /* Base */ = {isa = PBXFileReference; lastKnownFileType = file.storyboard; name = Base; path = Base.lproj/LaunchScreen.storyboard; sourceTree = "<group>"; };
		EC20BF2628C54CDE004079EF /* Info.plist */ = {isa = PBXFileReference; lastKnownFileType = text.plist.xml; path = Info.plist; sourceTree = "<group>"; };
		EC20BF2B28C54CDE004079EF /* MGTTests.xctest */ = {isa = PBXFileReference; explicitFileType = wrapper.cfbundle; includeInIndex = 0; path = MGTTests.xctest; sourceTree = BUILT_PRODUCTS_DIR; };
		EC20BF2F28C54CDE004079EF /* MGTTests.swift */ = {isa = PBXFileReference; lastKnownFileType = sourcecode.swift; path = MGTTests.swift; sourceTree = "<group>"; };
		EC20BF3528C54CDF004079EF /* MGTUITests.xctest */ = {isa = PBXFileReference; explicitFileType = wrapper.cfbundle; includeInIndex = 0; path = MGTUITests.xctest; sourceTree = BUILT_PRODUCTS_DIR; };
		EC20BF3928C54CDF004079EF /* MGTUITests.swift */ = {isa = PBXFileReference; lastKnownFileType = sourcecode.swift; path = MGTUITests.swift; sourceTree = "<group>"; };
		EC20BF3B28C54CDF004079EF /* MGTUITestsLaunchTests.swift */ = {isa = PBXFileReference; lastKnownFileType = sourcecode.swift; path = MGTUITestsLaunchTests.swift; sourceTree = "<group>"; };
/* End PBXFileReference section */

/* Begin PBXFrameworksBuildPhase section */
		EC20BF1228C54CDC004079EF /* Frameworks */ = {
			isa = PBXFrameworksBuildPhase;
			buildActionMask = 2147483647;
			files = (
			);
			runOnlyForDeploymentPostprocessing = 0;
		};
		EC20BF2828C54CDE004079EF /* Frameworks */ = {
			isa = PBXFrameworksBuildPhase;
			buildActionMask = 2147483647;
			files = (
			);
			runOnlyForDeploymentPostprocessing = 0;
		};
		EC20BF3228C54CDE004079EF /* Frameworks */ = {
			isa = PBXFrameworksBuildPhase;
			buildActionMask = 2147483647;
			files = (
			);
			runOnlyForDeploymentPostprocessing = 0;
		};
/* End PBXFrameworksBuildPhase section */

/* Begin PBXGroup section */
		EC20BF0C28C54CDC004079EF = {
			isa = PBXGroup;
			children = (
				EC20BF1728C54CDC004079EF /* MGT */,
				EC20BF2E28C54CDE004079EF /* MGTTests */,
				EC20BF3828C54CDF004079EF /* MGTUITests */,
				EC20BF1628C54CDC004079EF /* Products */,
			);
			sourceTree = "<group>";
		};
		EC20BF1628C54CDC004079EF /* Products */ = {
			isa = PBXGroup;
			children = (
				EC20BF1528C54CDC004079EF /* MGT.app */,
				EC20BF2B28C54CDE004079EF /* MGTTests.xctest */,
				EC20BF3528C54CDF004079EF /* MGTUITests.xctest */,
			);
			name = Products;
			sourceTree = "<group>";
		};
		EC20BF1728C54CDC004079EF /* MGT */ = {
			isa = PBXGroup;
			children = (
				EC20BF1828C54CDC004079EF /* AppDelegate.swift */,
				EC20BF1A28C54CDC004079EF /* SceneDelegate.swift */,
				EC20BF1C28C54CDC004079EF /* ViewController.swift */,
				EC20BF1E28C54CDC004079EF /* Main.storyboard */,
				EC20BF2128C54CDE004079EF /* Assets.xcassets */,
				EC20BF2328C54CDE004079EF /* LaunchScreen.storyboard */,
				EC20BF2628C54CDE004079EF /* Info.plist */,
			);
			path = MGT;
			sourceTree = "<group>";
		};
		EC20BF2E28C54CDE004079EF /* MGTTests */ = {
			isa = PBXGroup;
			children = (
				EC20BF2F28C54CDE004079EF /* MGTTests.swift */,
			);
			path = MGTTests;
			sourceTree = "<group>";
		};
		EC20BF3828C54CDF004079EF /* MGTUITests */ = {
			isa = PBXGroup;
			children = (
				EC20BF3928C54CDF004079EF /* MGTUITests.swift */,
				EC20BF3B28C54CDF004079EF /* MGTUITestsLaunchTests.swift */,
			);
			path = MGTUITests;
			sourceTree = "<group>";
		};
/* End PBXGroup section */

/* Begin PBXNativeTarget section */
		EC20BF1428C54CDC004079EF /* MGT */ = {
			isa = PBXNativeTarget;
			buildConfigurationList = EC20BF3F28C54CDF004079EF /* Build configuration list for PBXNativeTarget "MGT" */;
			buildPhases = (
				EC20BF1128C54CDC004079EF /* Sources */,
				EC20BF1228C54CDC004079EF /* Frameworks */,
				EC20BF1328C54CDC004079EF /* Resources */,
			);
			buildRules = (
			);
			dependencies = (
			);
			name = MGT;
			productName = MGT;
			productReference = EC20BF1528C54CDC004079EF /* MGT.app */;
			productType = "com.apple.product-type.application";
		};
		EC20BF2A28C54CDE004079EF /* MGTTests */ = {
			isa = PBXNativeTarget;
			buildConfigurationList = EC20BF4228C54CDF004079EF /* Build configuration list for PBXNativeTarget "MGTTests" */;
			buildPhases = (
				EC20BF2728C54CDE004079EF /* Sources */,
				EC20BF2828C54CDE004079EF /* Frameworks */,
				EC20BF2928C54CDE004079EF /* Resources */,
			);
			buildRules = (
			);
			dependencies = (
				EC20BF2D28C54CDE004079EF /* PBXTargetDependency */,
			);
			name = MGTTests;
			productName = MGTTests;
			productReference = EC20BF2B28C54CDE004079EF /* MGTTests.xctest */;
			productType = "com.apple.product-type.bundle.unit-test";
		};
		EC20BF3428C54CDE004079EF /* MGTUITests */ = {
			isa = PBXNativeTarget;
			buildConfigurationList = EC20BF4528C54CDF004079EF /* Build configuration list for PBXNativeTarget "MGTUITests" */;
			buildPhases = (
				EC20BF3128C54CDE004079EF /* Sources */,
				EC20BF3228C54CDE004079EF /* Frameworks */,
				EC20BF3328C54CDE004079EF /* Resources */,
			);
			buildRules = (
			);
			dependencies = (
				EC20BF3728C54CDF004079EF /* PBXTargetDependency */,
			);
			name = MGTUITests;
			productName = MGTUITests;
			productReference = EC20BF3528C54CDF004079EF /* MGTUITests.xctest */;
			productType = "com.apple.product-type.bundle.ui-testing";
		};
/* End PBXNativeTarget section */

/* Begin PBXProject section */
		EC20BF0D28C54CDC004079EF /* Project object */ = {
			isa = PBXProject;
			attributes = {
				BuildIndependentTargetsInParallel = 1;
				LastSwiftUpdateCheck = 1340;
				LastUpgradeCheck = 1340;
				TargetAttributes = {
					EC20BF1428C54CDC004079EF = {
						CreatedOnToolsVersion = 13.4.1;
					};
					EC20BF2A28C54CDE004079EF = {
						CreatedOnToolsVersion = 13.4.1;
						TestTargetID = EC20BF1428C54CDC004079EF;
					};
					EC20BF3428C54CDE004079EF = {
						CreatedOnToolsVersion = 13.4.1;
						TestTargetID = EC20BF1428C54CDC004079EF;
					};
				};
			};
			buildConfigurationList = EC20BF1028C54CDC004079EF /* Build configuration list for PBXProject "MGT" */;
			compatibilityVersion = "Xcode 13.0";
			developmentRegion = en;
			hasScannedForEncodings = 0;
			knownRegions = (
				en,
				Base,
			);
			mainGroup = EC20BF0C28C54CDC004079EF;
			productRefGroup = EC20BF1628C54CDC004079EF /* Products */;
			projectDirPath = "";
			projectRoot = "";
			targets = (
				EC20BF1428C54CDC004079EF /* MGT */,
				EC20BF2A28C54CDE004079EF /* MGTTests */,
				EC20BF3428C54CDE004079EF /* MGTUITests */,
			);
		};
/* End PBXProject section */

/* Begin PBXResourcesBuildPhase section */
		EC20BF1328C54CDC004079EF /* Resources */ = {
			isa = PBXResourcesBuildPhase;
			buildActionMask = 2147483647;
			files = (
				EC20BF2528C54CDE004079EF /* LaunchScreen.storyboard in Resources */,
				EC20BF2228C54CDE004079EF /* Assets.xcassets in Resources */,
				EC20BF2028C54CDC004079EF /* Main.storyboard in Resources */,
			);
			runOnlyForDeploymentPostprocessing = 0;
		};
		EC20BF2928C54CDE004079EF /* Resources */ = {
			isa = PBXResourcesBuildPhase;
			buildActionMask = 2147483647;
			files = (
			);
			runOnlyForDeploymentPostprocessing = 0;
		};
		EC20BF3328C54CDE004079EF /* Resources */ = {
			isa = PBXResourcesBuildPhase;
			buildActionMask = 2147483647;
			files = (
			);
			runOnlyForDeploymentPostprocessing = 0;
		};
/* End PBXResourcesBuildPhase section */

/* Begin PBXSourcesBuildPhase section */
		EC20BF1128C54CDC004079EF /* Sources */ = {
			isa = PBXSourcesBuildPhase;
			buildActionMask = 2147483647;
			files = (
				EC20BF1D28C54CDC004079EF /* ViewController.swift in Sources */,
				EC20BF1928C54CDC004079EF /* AppDelegate.swift in Sources */,
				EC20BF1B28C54CDC004079EF /* SceneDelegate.swift in Sources */,
			);
			runOnlyForDeploymentPostprocessing = 0;
		};
		EC20BF2728C54CDE004079EF /* Sources */ = {
			isa = PBXSourcesBuildPhase;
			buildActionMask = 2147483647;
			files = (
				EC20BF3028C54CDE004079EF /* MGTTests.swift in Sources */,
			);
			runOnlyForDeploymentPostprocessing = 0;
		};
		EC20BF3128C54CDE004079EF /* Sources */ = {
			isa = PBXSourcesBuildPhase;
			buildActionMask = 2147483647;
			files = (
				EC20BF3A28C54CDF004079EF /* MGTUITests.swift in Sources */,
				EC20BF3C28C54CDF004079EF /* MGTUITestsLaunchTests.swift in Sources */,
			);
			runOnlyForDeploymentPostprocessing = 0;
		};
/* End PBXSourcesBuildPhase section */

/* Begin PBXTargetDependency section */
		EC20BF2D28C54CDE004079EF /* PBXTargetDependency */ = {
			isa = PBXTargetDependency;
			target = EC20BF1428C54CDC004079EF /* MGT */;
			targetProxy = EC20BF2C28C54CDE004079EF /* PBXContainerItemProxy */;
		};
		EC20BF3728C54CDF004079EF /* PBXTargetDependency */ = {
			isa = PBXTargetDependency;
			target = EC20BF1428C54CDC004079EF /* MGT */;
			targetProxy = EC20BF3628C54CDF004079EF /* PBXContainerItemProxy */;
		};
/* End PBXTargetDependency section */

/* Begin PBXVariantGroup section */
		EC20BF1E28C54CDC004079EF /* Main.storyboard */ = {
			isa = PBXVariantGroup;
			children = (
				EC20BF1F28C54CDC004079EF /* Base */,
			);
			name = Main.storyboard;
			sourceTree = "<group>";
		};
		EC20BF2328C54CDE004079EF /* LaunchScreen.storyboard */ = {
			isa = PBXVariantGroup;
			children = (
				EC20BF2428C54CDE004079EF /* Base */,
			);
			name = LaunchScreen.storyboard;
			sourceTree = "<group>";
		};
/* End PBXVariantGroup section */

/* Begin XCBuildConfiguration section */
		EC20BF3D28C54CDF004079EF /* Debug */ = {
			isa = XCBuildConfiguration;
			buildSettings = {
				ALWAYS_SEARCH_USER_PATHS = NO;
				CLANG_ANALYZER_NONNULL = YES;
				CLANG_ANALYZER_NUMBER_OBJECT_CONVERSION = YES_AGGRESSIVE;
				CLANG_CXX_LANGUAGE_STANDARD = "gnu++17";
				CLANG_ENABLE_MODULES = YES;
				CLANG_ENABLE_OBJC_ARC = YES;
				CLANG_ENABLE_OBJC_WEAK = YES;
				CLANG_WARN_BLOCK_CAPTURE_AUTORELEASING = YES;
				CLANG_WARN_BOOL_CONVERSION = YES;
				CLANG_WARN_COMMA = YES;
				CLANG_WARN_CONSTANT_CONVERSION = YES;
				CLANG_WARN_DEPRECATED_OBJC_IMPLEMENTATIONS = YES;
				CLANG_WARN_DIRECT_OBJC_ISA_USAGE = YES_ERROR;
				CLANG_WARN_DOCUMENTATION_COMMENTS = YES;
				CLANG_WARN_EMPTY_BODY = YES;
				CLANG_WARN_ENUM_CONVERSION = YES;
				CLANG_WARN_INFINITE_RECURSION = YES;
				CLANG_WARN_INT_CONVERSION = YES;
				CLANG_WARN_NON_LITERAL_NULL_CONVERSION = YES;
				CLANG_WARN_OBJC_IMPLICIT_RETAIN_SELF = YES;
				CLANG_WARN_OBJC_LITERAL_CONVERSION = YES;
				CLANG_WARN_OBJC_ROOT_CLASS = YES_ERROR;
				CLANG_WARN_QUOTED_INCLUDE_IN_FRAMEWORK_HEADER = YES;
				CLANG_WARN_RANGE_LOOP_ANALYSIS = YES;
				CLANG_WARN_STRICT_PROTOTYPES = YES;
				CLANG_WARN_SUSPICIOUS_MOVE = YES;
				CLANG_WARN_UNGUARDED_AVAILABILITY = YES_AGGRESSIVE;
				CLANG_WARN_UNREACHABLE_CODE = YES;
				CLANG_WARN__DUPLICATE_METHOD_MATCH = YES;
				COPY_PHASE_STRIP = NO;
				DEBUG_INFORMATION_FORMAT = dwarf;
				ENABLE_STRICT_OBJC_MSGSEND = YES;
				ENABLE_TESTABILITY = YES;
				GCC_C_LANGUAGE_STANDARD = gnu11;
				GCC_DYNAMIC_NO_PIC = NO;
				GCC_NO_COMMON_BLOCKS = YES;
				GCC_OPTIMIZATION_LEVEL = 0;
				GCC_PREPROCESSOR_DEFINITIONS = (
					"DEBUG=1",
					"$(inherited)",
				);
				GCC_WARN_64_TO_32_BIT_CONVERSION = YES;
				GCC_WARN_ABOUT_RETURN_TYPE = YES_ERROR;
				GCC_WARN_UNDECLARED_SELECTOR = YES;
				GCC_WARN_UNINITIALIZED_AUTOS = YES_AGGRESSIVE;
				GCC_WARN_UNUSED_FUNCTION = YES;
				GCC_WARN_UNUSED_VARIABLE = YES;
				IPHONEOS_DEPLOYMENT_TARGET = 15.5;
				MTL_ENABLE_DEBUG_INFO = INCLUDE_SOURCE;
				MTL_FAST_MATH = YES;
				ONLY_ACTIVE_ARCH = YES;
				SDKROOT = iphoneos;
				SWIFT_ACTIVE_COMPILATION_CONDITIONS = DEBUG;
				SWIFT_OPTIMIZATION_LEVEL = "-Onone";
			};
			name = Debug;
		};
		EC20BF3E28C54CDF004079EF /* Release */ = {
			isa = XCBuildConfiguration;
			buildSettings = {
				ALWAYS_SEARCH_USER_PATHS = NO;
				CLANG_ANALYZER_NONNULL = YES;
				CLANG_ANALYZER_NUMBER_OBJECT_CONVERSION = YES_AGGRESSIVE;
				CLANG_CXX_LANGUAGE_STANDARD = "gnu++17";
				CLANG_ENABLE_MODULES = YES;
				CLANG_ENABLE_OBJC_ARC = YES;
				CLANG_ENABLE_OBJC_WEAK = YES;
				CLANG_WARN_BLOCK_CAPTURE_AUTORELEASING = YES;
				CLANG_WARN_BOOL_CONVERSION = YES;
				CLANG_WARN_COMMA = YES;
				CLANG_WARN_CONSTANT_CONVERSION = YES;
				CLANG_WARN_DEPRECATED_OBJC_IMPLEMENTATIONS = YES;
				CLANG_WARN_DIRECT_OBJC_ISA_USAGE = YES_ERROR;
				CLANG_WARN_DOCUMENTATION_COMMENTS = YES;
				CLANG_WARN_EMPTY_BODY = YES;
				CLANG_WARN_ENUM_CONVERSION = YES;
				CLANG_WARN_INFINITE_RECURSION = YES;
				CLANG_WARN_INT_CONVERSION = YES;
				CLANG_WARN_NON_LITERAL_NULL_CONVERSION = YES;
				CLANG_WARN_OBJC_IMPLICIT_RETAIN_SELF = YES;
				CLANG_WARN_OBJC_LITERAL_CONVERSION = YES;
				CLANG_WARN_OBJC_ROOT_CLASS = YES_ERROR;
				CLANG_WARN_QUOTED_INCLUDE_IN_FRAMEWORK_HEADER = YES;
				CLANG_WARN_RANGE_LOOP_ANALYSIS = YES;
				CLANG_WARN_STRICT_PROTOTYPES = YES;
				CLANG_WARN_SUSPICIOUS_MOVE = YES;
				CLANG_WARN_UNGUARDED_AVAILABILITY = YES_AGGRESSIVE;
				CLANG_WARN_UNREACHABLE_CODE = YES;
				CLANG_WARN__DUPLICATE_METHOD_MATCH = YES;
				COPY_PHASE_STRIP = NO;
				DEBUG_INFORMATION_FORMAT = "dwarf-with-dsym";
				ENABLE_NS_ASSERTIONS = NO;
				ENABLE_STRICT_OBJC_MSGSEND = YES;
				GCC_C_LANGUAGE_STANDARD = gnu11;
				GCC_NO_COMMON_BLOCKS = YES;
				GCC_WARN_64_TO_32_BIT_CONVERSION = YES;
				GCC_WARN_ABOUT_RETURN_TYPE = YES_ERROR;
				GCC_WARN_UNDECLARED_SELECTOR = YES;
				GCC_WARN_UNINITIALIZED_AUTOS = YES_AGGRESSIVE;
				GCC_WARN_UNUSED_FUNCTION = YES;
				GCC_WARN_UNUSED_VARIABLE = YES;
				IPHONEOS_DEPLOYMENT_TARGET = 15.5;
				MTL_ENABLE_DEBUG_INFO = NO;
				MTL_FAST_MATH = YES;
				SDKROOT = iphoneos;
				SWIFT_COMPILATION_MODE = wholemodule;
				SWIFT_OPTIMIZATION_LEVEL = "-O";
				VALIDATE_PRODUCT = YES;
			};
			name = Release;
		};
		EC20BF4028C54CDF004079EF /* Debug */ = {
			isa = XCBuildConfiguration;
			buildSettings = {
				ASSETCATALOG_COMPILER_APPICON_NAME = AppIcon;
				ASSETCATALOG_COMPILER_GLOBAL_ACCENT_COLOR_NAME = AccentColor;
				CODE_SIGN_STYLE = Automatic;
				CURRENT_PROJECT_VERSION = 1;
				GENERATE_INFOPLIST_FILE = YES;
				INFOPLIST_FILE = MGT/Info.plist;
				INFOPLIST_KEY_UIApplicationSupportsIndirectInputEvents = YES;
				INFOPLIST_KEY_UILaunchStoryboardName = LaunchScreen;
				INFOPLIST_KEY_UIMainStoryboardFile = Main;
				INFOPLIST_KEY_UISupportedInterfaceOrientations_iPad = "UIInterfaceOrientationPortrait UIInterfaceOrientationPortraitUpsideDown UIInterfaceOrientationLandscapeLeft UIInterfaceOrientationLandscapeRight";
				INFOPLIST_KEY_UISupportedInterfaceOrientations_iPhone = "UIInterfaceOrientationPortrait UIInterfaceOrientationLandscapeLeft UIInterfaceOrientationLandscapeRight";
				LD_RUNPATH_SEARCH_PATHS = (
					"$(inherited)",
					"@executable_path/Frameworks",
				);
				MARKETING_VERSION = 1.0;
				PRODUCT_BUNDLE_IDENTIFIER = agustin.MGT;
				PRODUCT_NAME = "$(TARGET_NAME)";
				SWIFT_EMIT_LOC_STRINGS = YES;
				SWIFT_VERSION = 5.0;
				TARGETED_DEVICE_FAMILY = "1,2";
			};
			name = Debug;
		};
		EC20BF4128C54CDF004079EF /* Release */ = {
			isa = XCBuildConfiguration;
			buildSettings = {
				ASSETCATALOG_COMPILER_APPICON_NAME = AppIcon;
				ASSETCATALOG_COMPILER_GLOBAL_ACCENT_COLOR_NAME = AccentColor;
				CODE_SIGN_STYLE = Automatic;
				CURRENT_PROJECT_VERSION = 1;
				GENERATE_INFOPLIST_FILE = YES;
				INFOPLIST_FILE = MGT/Info.plist;
				INFOPLIST_KEY_UIApplicationSupportsIndirectInputEvents = YES;
				INFOPLIST_KEY_UILaunchStoryboardName = LaunchScreen;
				INFOPLIST_KEY_UIMainStoryboardFile = Main;
				INFOPLIST_KEY_UISupportedInterfaceOrientations_iPad = "UIInterfaceOrientationPortrait UIInterfaceOrientationPortraitUpsideDown UIInterfaceOrientationLandscapeLeft UIInterfaceOrientationLandscapeRight";
				INFOPLIST_KEY_UISupportedInterfaceOrientations_iPhone = "UIInterfaceOrientationPortrait UIInterfaceOrientationLandscapeLeft UIInterfaceOrientationLandscapeRight";
				LD_RUNPATH_SEARCH_PATHS = (
					"$(inherited)",
					"@executable_path/Frameworks",
				);
				MARKETING_VERSION = 1.0;
				PRODUCT_BUNDLE_IDENTIFIER = agustin.MGT;
				PRODUCT_NAME = "$(TARGET_NAME)";
				SWIFT_EMIT_LOC_STRINGS = YES;
				SWIFT_VERSION = 5.0;
				TARGETED_DEVICE_FAMILY = "1,2";
			};
			name = Release;
		};
		EC20BF4328C54CDF004079EF /* Debug */ = {
			isa = XCBuildConfiguration;
			buildSettings = {
				ALWAYS_EMBED_SWIFT_STANDARD_LIBRARIES = YES;
				BUNDLE_LOADER = "$(TEST_HOST)";
				CODE_SIGN_STYLE = Automatic;
				CURRENT_PROJECT_VERSION = 1;
				GENERATE_INFOPLIST_FILE = YES;
				IPHONEOS_DEPLOYMENT_TARGET = 15.5;
				MARKETING_VERSION = 1.0;
				PRODUCT_BUNDLE_IDENTIFIER = agustin.MGTTests;
				PRODUCT_NAME = "$(TARGET_NAME)";
				SWIFT_EMIT_LOC_STRINGS = NO;
				SWIFT_VERSION = 5.0;
				TARGETED_DEVICE_FAMILY = "1,2";
				TEST_HOST = "$(BUILT_PRODUCTS_DIR)/MGT.app/MGT";
			};
			name = Debug;
		};
		EC20BF4428C54CDF004079EF /* Release */ = {
			isa = XCBuildConfiguration;
			buildSettings = {
				ALWAYS_EMBED_SWIFT_STANDARD_LIBRARIES = YES;
				BUNDLE_LOADER = "$(TEST_HOST)";
				CODE_SIGN_STYLE = Automatic;
				CURRENT_PROJECT_VERSION = 1;
				GENERATE_INFOPLIST_FILE = YES;
				IPHONEOS_DEPLOYMENT_TARGET = 15.5;
				MARKETING_VERSION = 1.0;
				PRODUCT_BUNDLE_IDENTIFIER = agustin.MGTTests;
				PRODUCT_NAME = "$(TARGET_NAME)";
				SWIFT_EMIT_LOC_STRINGS = NO;
				SWIFT_VERSION = 5.0;
				TARGETED_DEVICE_FAMILY = "1,2";
				TEST_HOST = "$(BUILT_PRODUCTS_DIR)/MGT.app/MGT";
			};
			name = Release;
		};
		EC20BF4628C54CDF004079EF /* Debug */ = {
			isa = XCBuildConfiguration;
			buildSettings = {
				ALWAYS_EMBED_SWIFT_STANDARD_LIBRARIES = YES;
				CODE_SIGN_STYLE = Automatic;
				CURRENT_PROJECT_VERSION = 1;
				GENERATE_INFOPLIST_FILE = YES;
				MARKETING_VERSION = 1.0;
				PRODUCT_BUNDLE_IDENTIFIER = agustin.MGTUITests;
				PRODUCT_NAME = "$(TARGET_NAME)";
				SWIFT_EMIT_LOC_STRINGS = NO;
				SWIFT_VERSION = 5.0;
				TARGETED_DEVICE_FAMILY = "1,2";
				TEST_TARGET_NAME = MGT;
			};
			name = Debug;
		};
		EC20BF4728C54CDF004079EF /* Release */ = {
			isa = XCBuildConfiguration;
			buildSettings = {
				ALWAYS_EMBED_SWIFT_STANDARD_LIBRARIES = YES;
				CODE_SIGN_STYLE = Automatic;
				CURRENT_PROJECT_VERSION = 1;
				GENERATE_INFOPLIST_FILE = YES;
				MARKETING_VERSION = 1.0;
				PRODUCT_BUNDLE_IDENTIFIER = agustin.MGTUITests;
				PRODUCT_NAME = "$(TARGET_NAME)";
				SWIFT_EMIT_LOC_STRINGS = NO;
				SWIFT_VERSION = 5.0;
				TARGETED_DEVICE_FAMILY = "1,2";
				TEST_TARGET_NAME = MGT;
			};
			name = Release;
		};
/* End XCBuildConfiguration section */

/* Begin XCConfigurationList section */
		EC20BF1028C54CDC004079EF /* Build configuration list for PBXProject "MGT" */ = {
			isa = XCConfigurationList;
			buildConfigurations = (
				EC20BF3D28C54CDF004079EF /* Debug */,
				EC20BF3E28C54CDF004079EF /* Release */,
			);
			defaultConfigurationIsVisible = 0;
			defaultConfigurationName = Release;
		};
		EC20BF3F28C54CDF004079EF /* Build configuration list for PBXNativeTarget "MGT" */ = {
			isa = XCConfigurationList;
			buildConfigurations = (
				EC20BF4028C54CDF004079EF /* Debug */,
				EC20BF4128C54CDF004079EF /* Release */,
			);
			defaultConfigurationIsVisible = 0;
			defaultConfigurationName = Release;
		};
		EC20BF4228C54CDF004079EF /* Build configuration list for PBXNativeTarget "MGTTests" */ = {
			isa = XCConfigurationList;
			buildConfigurations = (
				EC20BF4328C54CDF004079EF /* Debug */,
				EC20BF4428C54CDF004079EF /* Release */,
			);
			defaultConfigurationIsVisible = 0;
			defaultConfigurationName = Release;
		};
		EC20BF4528C54CDF004079EF /* Build configuration list for PBXNativeTarget "MGTUITests" */ = {
			isa = XCConfigurationList;
			buildConfigurations = (
				EC20BF4628C54CDF004079EF /* Debug */,
				EC20BF4728C54CDF004079EF /* Release */,
			);
			defaultConfigurationIsVisible = 0;
			defaultConfigurationName = Release;
		};
/* End XCConfigurationList section */
	};
	rootObject = EC20BF0D28C54CDC004079EF /* Project object */;
}
